// !$*UTF8*$!
{
	archiveVersion = 1;
	classes = {
	};
	objectVersion = 50;
	objects = {

/* Begin PBXBuildFile section */
		CF24DBF42158E30C00E00BC6 /* Logger.swift in Sources */ = {isa = PBXBuildFile; fileRef = CF24DBF32158E30C00E00BC6 /* Logger.swift */; };
		CF4766222168F136008AF8C2 /* ConversationCell.swift in Sources */ = {isa = PBXBuildFile; fileRef = CF4766202168F136008AF8C2 /* ConversationCell.swift */; };
		CF4766232168F136008AF8C2 /* ConversationCell.xib in Resources */ = {isa = PBXBuildFile; fileRef = CF4766212168F136008AF8C2 /* ConversationCell.xib */; };
		CF4766272168FCF3008AF8C2 /* Protocols.swift in Sources */ = {isa = PBXBuildFile; fileRef = CF4766262168FCF3008AF8C2 /* Protocols.swift */; };
		CF47662A2169033E008AF8C2 /* ConversationsListViewController.swift in Sources */ = {isa = PBXBuildFile; fileRef = CF4766292169033E008AF8C2 /* ConversationsListViewController.swift */; };
		CF47662D216922F4008AF8C2 /* Person.swift in Sources */ = {isa = PBXBuildFile; fileRef = CF47662C216922F4008AF8C2 /* Person.swift */; };
		CF476634216A14DB008AF8C2 /* ConversationViewController.swift in Sources */ = {isa = PBXBuildFile; fileRef = CF476633216A14DB008AF8C2 /* ConversationViewController.swift */; };
		CF5A6A2E215EC44B0084371A /* ProfileViewController.swift in Sources */ = {isa = PBXBuildFile; fileRef = CF5A6A2D215EC44B0084371A /* ProfileViewController.swift */; };
		CF673577216F688E0062A600 /* ProfileViewController.xib in Resources */ = {isa = PBXBuildFile; fileRef = CF673576216F688E0062A600 /* ProfileViewController.xib */; };
		CF67357F216F7CC30062A600 /* ThemesViewController.m in Sources */ = {isa = PBXBuildFile; fileRef = CF67357D216F7CC30062A600 /* ThemesViewController.m */; };
		CF673580216F7CC30062A600 /* ThemesViewController.xib in Resources */ = {isa = PBXBuildFile; fileRef = CF67357E216F7CC30062A600 /* ThemesViewController.xib */; };
		CF67358421709EB90062A600 /* Themes.m in Sources */ = {isa = PBXBuildFile; fileRef = CF67358321709EB90062A600 /* Themes.m */; };
		CF67358F2170B15E0062A600 /* UIColor+ChatBox.m in Sources */ = {isa = PBXBuildFile; fileRef = CF67358E2170B15E0062A600 /* UIColor+ChatBox.m */; };
		CF6735CD21738F2E0062A600 /* ThemeManager.swift in Sources */ = {isa = PBXBuildFile; fileRef = CF6735CC21738F2E0062A600 /* ThemeManager.swift */; };
		CF6735D0217390350062A600 /* Logger.swift in Sources */ = {isa = PBXBuildFile; fileRef = CF24DBF32158E30C00E00BC6 /* Logger.swift */; };
		CF6735D1217390350062A600 /* MessageCell.swift in Sources */ = {isa = PBXBuildFile; fileRef = CFC17406216A371200A384CD /* MessageCell.swift */; };
		CF6735D2217390350062A600 /* UIColor+ChatBox.m in Sources */ = {isa = PBXBuildFile; fileRef = CF67358E2170B15E0062A600 /* UIColor+ChatBox.m */; };
		CF6735D3217390350062A600 /* ProfileViewController.swift in Sources */ = {isa = PBXBuildFile; fileRef = CF5A6A2D215EC44B0084371A /* ProfileViewController.swift */; };
		CF6735D4217390350062A600 /* ConversationViewController.swift in Sources */ = {isa = PBXBuildFile; fileRef = CF476633216A14DB008AF8C2 /* ConversationViewController.swift */; };
		CF6735D5217390350062A600 /* AppDelegate.swift in Sources */ = {isa = PBXBuildFile; fileRef = CFDAEEC5215688D900E182F2 /* AppDelegate.swift */; };
		CF6735D6217390350062A600 /* Themes.m in Sources */ = {isa = PBXBuildFile; fileRef = CF67358321709EB90062A600 /* Themes.m */; };
		CF6735D7217390350062A600 /* Protocols.swift in Sources */ = {isa = PBXBuildFile; fileRef = CF4766262168FCF3008AF8C2 /* Protocols.swift */; };
		CF6735D8217390350062A600 /* Constants.swift in Sources */ = {isa = PBXBuildFile; fileRef = CFDC457A216125770016BB0F /* Constants.swift */; };
		CF6735D9217390350062A600 /* TemporaryData.swift in Sources */ = {isa = PBXBuildFile; fileRef = CFC1740A216A3AD200A384CD /* TemporaryData.swift */; };
		CF6735DA217390350062A600 /* ConversationsListViewController.swift in Sources */ = {isa = PBXBuildFile; fileRef = CF4766292169033E008AF8C2 /* ConversationsListViewController.swift */; };
		CF6735DB217390350062A600 /* ThemeManager.swift in Sources */ = {isa = PBXBuildFile; fileRef = CF6735CC21738F2E0062A600 /* ThemeManager.swift */; };
		CF6735DC217390350062A600 /* MessageModel.swift in Sources */ = {isa = PBXBuildFile; fileRef = CFC17408216A38AB00A384CD /* MessageModel.swift */; };
		CF6735DD217390350062A600 /* Person.swift in Sources */ = {isa = PBXBuildFile; fileRef = CF47662C216922F4008AF8C2 /* Person.swift */; };
		CF6735DE217390350062A600 /* ConversationCell.swift in Sources */ = {isa = PBXBuildFile; fileRef = CF4766202168F136008AF8C2 /* ConversationCell.swift */; };
		CF6735E2217390350062A600 /* ConversationCell.xib in Resources */ = {isa = PBXBuildFile; fileRef = CF4766212168F136008AF8C2 /* ConversationCell.xib */; };
		CF6735E3217390350062A600 /* LaunchScreen.storyboard in Resources */ = {isa = PBXBuildFile; fileRef = CFDAEECE215688DC00E182F2 /* LaunchScreen.storyboard */; };
		CF6735E4217390350062A600 /* Assets.xcassets in Resources */ = {isa = PBXBuildFile; fileRef = CFDAEECC215688DC00E182F2 /* Assets.xcassets */; };
		CF6735E5217390350062A600 /* ProfileViewController.xib in Resources */ = {isa = PBXBuildFile; fileRef = CF673576216F688E0062A600 /* ProfileViewController.xib */; };
		CF6735E6217390350062A600 /* ThemesViewController.xib in Resources */ = {isa = PBXBuildFile; fileRef = CF67357E216F7CC30062A600 /* ThemesViewController.xib */; };
		CF6735E7217390350062A600 /* Conversations.storyboard in Resources */ = {isa = PBXBuildFile; fileRef = CFDAEEC9215688D900E182F2 /* Conversations.storyboard */; };
		CF6735EF217394720062A600 /* ThemesViewController.swift in Sources */ = {isa = PBXBuildFile; fileRef = CF6735ED2173946F0062A600 /* ThemesViewController.swift */; };
		CF6735F2217397280062A600 /* ConversationsListExtension.swift in Sources */ = {isa = PBXBuildFile; fileRef = CF6735F1217397280062A600 /* ConversationsListExtension.swift */; };
		CF6735F521739E890062A600 /* ConversationsListExtensionSwift.swift in Sources */ = {isa = PBXBuildFile; fileRef = CF6735F321739E790062A600 /* ConversationsListExtensionSwift.swift */; };
		CF78831B217B7A0000FC739F /* GCDDataManager.swift in Sources */ = {isa = PBXBuildFile; fileRef = CF78831A217B7A0000FC739F /* GCDDataManager.swift */; };
		CF78831D217CA60300FC739F /* UserProfile.swift in Sources */ = {isa = PBXBuildFile; fileRef = CF78831C217CA60300FC739F /* UserProfile.swift */; };
		CF78831F217CD83300FC739F /* OperationDataManager.swift in Sources */ = {isa = PBXBuildFile; fileRef = CF78831E217CD83300FC739F /* OperationDataManager.swift */; };
		CFC17407216A371200A384CD /* MessageCell.swift in Sources */ = {isa = PBXBuildFile; fileRef = CFC17406216A371200A384CD /* MessageCell.swift */; };
		CFC17409216A38AB00A384CD /* MessageModel.swift in Sources */ = {isa = PBXBuildFile; fileRef = CFC17408216A38AB00A384CD /* MessageModel.swift */; };
		CFC1740B216A3AD200A384CD /* TemporaryData.swift in Sources */ = {isa = PBXBuildFile; fileRef = CFC1740A216A3AD200A384CD /* TemporaryData.swift */; };
		CFDAEEC6215688D900E182F2 /* AppDelegate.swift in Sources */ = {isa = PBXBuildFile; fileRef = CFDAEEC5215688D900E182F2 /* AppDelegate.swift */; };
		CFDAEECB215688D900E182F2 /* Conversations.storyboard in Resources */ = {isa = PBXBuildFile; fileRef = CFDAEEC9215688D900E182F2 /* Conversations.storyboard */; };
		CFDAEECD215688DC00E182F2 /* Assets.xcassets in Resources */ = {isa = PBXBuildFile; fileRef = CFDAEECC215688DC00E182F2 /* Assets.xcassets */; };
		CFDAEED0215688DC00E182F2 /* LaunchScreen.storyboard in Resources */ = {isa = PBXBuildFile; fileRef = CFDAEECE215688DC00E182F2 /* LaunchScreen.storyboard */; };
		CFDC457B216125770016BB0F /* Constants.swift in Sources */ = {isa = PBXBuildFile; fileRef = CFDC457A216125770016BB0F /* Constants.swift */; };
/* End PBXBuildFile section */

/* Begin PBXFileReference section */
		CF24DBF32158E30C00E00BC6 /* Logger.swift */ = {isa = PBXFileReference; lastKnownFileType = sourcecode.swift; path = Logger.swift; sourceTree = "<group>"; };
		CF4766202168F136008AF8C2 /* ConversationCell.swift */ = {isa = PBXFileReference; lastKnownFileType = sourcecode.swift; path = ConversationCell.swift; sourceTree = "<group>"; };
		CF4766212168F136008AF8C2 /* ConversationCell.xib */ = {isa = PBXFileReference; lastKnownFileType = file.xib; path = ConversationCell.xib; sourceTree = "<group>"; };
		CF4766262168FCF3008AF8C2 /* Protocols.swift */ = {isa = PBXFileReference; lastKnownFileType = sourcecode.swift; path = Protocols.swift; sourceTree = "<group>"; };
		CF4766292169033E008AF8C2 /* ConversationsListViewController.swift */ = {isa = PBXFileReference; lastKnownFileType = sourcecode.swift; path = ConversationsListViewController.swift; sourceTree = "<group>"; };
		CF47662C216922F4008AF8C2 /* Person.swift */ = {isa = PBXFileReference; lastKnownFileType = sourcecode.swift; path = Person.swift; sourceTree = "<group>"; };
		CF476633216A14DB008AF8C2 /* ConversationViewController.swift */ = {isa = PBXFileReference; lastKnownFileType = sourcecode.swift; path = ConversationViewController.swift; sourceTree = "<group>"; };
		CF5A6A2D215EC44B0084371A /* ProfileViewController.swift */ = {isa = PBXFileReference; lastKnownFileType = sourcecode.swift; path = ProfileViewController.swift; sourceTree = "<group>"; };
		CF673576216F688E0062A600 /* ProfileViewController.xib */ = {isa = PBXFileReference; lastKnownFileType = file.xib; path = ProfileViewController.xib; sourceTree = "<group>"; };
		CF67357B216F7CC20062A600 /* ChatBox-Bridging-Header.h */ = {isa = PBXFileReference; lastKnownFileType = sourcecode.c.h; path = "ChatBox-Bridging-Header.h"; sourceTree = "<group>"; };
		CF67357C216F7CC30062A600 /* ThemesViewController.h */ = {isa = PBXFileReference; lastKnownFileType = sourcecode.c.h; path = ThemesViewController.h; sourceTree = "<group>"; };
		CF67357D216F7CC30062A600 /* ThemesViewController.m */ = {isa = PBXFileReference; lastKnownFileType = sourcecode.c.objc; path = ThemesViewController.m; sourceTree = "<group>"; };
		CF67357E216F7CC30062A600 /* ThemesViewController.xib */ = {isa = PBXFileReference; lastKnownFileType = file.xib; path = ThemesViewController.xib; sourceTree = "<group>"; };
		CF67358221709EB90062A600 /* Themes.h */ = {isa = PBXFileReference; lastKnownFileType = sourcecode.c.h; path = Themes.h; sourceTree = "<group>"; };
		CF67358321709EB90062A600 /* Themes.m */ = {isa = PBXFileReference; lastKnownFileType = sourcecode.c.objc; path = Themes.m; sourceTree = "<group>"; };
		CF67358D2170B15E0062A600 /* UIColor+ChatBox.h */ = {isa = PBXFileReference; lastKnownFileType = sourcecode.c.h; path = "UIColor+ChatBox.h"; sourceTree = "<group>"; };
		CF67358E2170B15E0062A600 /* UIColor+ChatBox.m */ = {isa = PBXFileReference; lastKnownFileType = sourcecode.c.objc; path = "UIColor+ChatBox.m"; sourceTree = "<group>"; };
		CF6735912170D32C0062A600 /* ThemesViewControllerDelegate.h */ = {isa = PBXFileReference; lastKnownFileType = sourcecode.c.h; path = ThemesViewControllerDelegate.h; sourceTree = "<group>"; };
		CF6735CC21738F2E0062A600 /* ThemeManager.swift */ = {isa = PBXFileReference; fileEncoding = 4; lastKnownFileType = sourcecode.swift; path = ThemeManager.swift; sourceTree = "<group>"; };
		CF6735EB217390350062A600 /* ChatBox_Swift.app */ = {isa = PBXFileReference; explicitFileType = wrapper.application; includeInIndex = 0; path = ChatBox_Swift.app; sourceTree = BUILT_PRODUCTS_DIR; };
		CF6735EC217390350062A600 /* ChatBox_Swift.plist */ = {isa = PBXFileReference; lastKnownFileType = text.plist.xml; name = ChatBox_Swift.plist; path = /Users/teplonogov/Developing/Tinkoff/ChatBox/ChatBox_Swift.plist; sourceTree = "<absolute>"; };
		CF6735ED2173946F0062A600 /* ThemesViewController.swift */ = {isa = PBXFileReference; lastKnownFileType = sourcecode.swift; path = ThemesViewController.swift; sourceTree = "<group>"; };
		CF6735F1217397280062A600 /* ConversationsListExtension.swift */ = {isa = PBXFileReference; lastKnownFileType = sourcecode.swift; path = ConversationsListExtension.swift; sourceTree = "<group>"; };
		CF6735F321739E790062A600 /* ConversationsListExtensionSwift.swift */ = {isa = PBXFileReference; lastKnownFileType = sourcecode.swift; path = ConversationsListExtensionSwift.swift; sourceTree = "<group>"; };
		CF78831A217B7A0000FC739F /* GCDDataManager.swift */ = {isa = PBXFileReference; lastKnownFileType = sourcecode.swift; path = GCDDataManager.swift; sourceTree = "<group>"; };
		CF78831C217CA60300FC739F /* UserProfile.swift */ = {isa = PBXFileReference; lastKnownFileType = sourcecode.swift; path = UserProfile.swift; sourceTree = "<group>"; };
		CF78831E217CD83300FC739F /* OperationDataManager.swift */ = {isa = PBXFileReference; lastKnownFileType = sourcecode.swift; path = OperationDataManager.swift; sourceTree = "<group>"; };
		CFC17406216A371200A384CD /* MessageCell.swift */ = {isa = PBXFileReference; lastKnownFileType = sourcecode.swift; path = MessageCell.swift; sourceTree = "<group>"; };
		CFC17408216A38AB00A384CD /* MessageModel.swift */ = {isa = PBXFileReference; lastKnownFileType = sourcecode.swift; path = MessageModel.swift; sourceTree = "<group>"; };
		CFC1740A216A3AD200A384CD /* TemporaryData.swift */ = {isa = PBXFileReference; lastKnownFileType = sourcecode.swift; path = TemporaryData.swift; sourceTree = "<group>"; };
		CFDAEEC2215688D900E182F2 /* ChatBox.app */ = {isa = PBXFileReference; explicitFileType = wrapper.application; includeInIndex = 0; path = ChatBox.app; sourceTree = BUILT_PRODUCTS_DIR; };
		CFDAEEC5215688D900E182F2 /* AppDelegate.swift */ = {isa = PBXFileReference; lastKnownFileType = sourcecode.swift; path = AppDelegate.swift; sourceTree = "<group>"; };
		CFDAEECA215688D900E182F2 /* Base */ = {isa = PBXFileReference; lastKnownFileType = file.storyboard; name = Base; path = Base.lproj/Conversations.storyboard; sourceTree = "<group>"; };
		CFDAEECC215688DC00E182F2 /* Assets.xcassets */ = {isa = PBXFileReference; lastKnownFileType = folder.assetcatalog; path = Assets.xcassets; sourceTree = "<group>"; };
		CFDAEECF215688DC00E182F2 /* Base */ = {isa = PBXFileReference; lastKnownFileType = file.storyboard; name = Base; path = Base.lproj/LaunchScreen.storyboard; sourceTree = "<group>"; };
		CFDAEED1215688DC00E182F2 /* Info.plist */ = {isa = PBXFileReference; lastKnownFileType = text.plist.xml; path = Info.plist; sourceTree = "<group>"; };
		CFDC457A216125770016BB0F /* Constants.swift */ = {isa = PBXFileReference; lastKnownFileType = sourcecode.swift; path = Constants.swift; sourceTree = "<group>"; };
/* End PBXFileReference section */

/* Begin PBXFrameworksBuildPhase section */
		CF6735E0217390350062A600 /* Frameworks */ = {
			isa = PBXFrameworksBuildPhase;
			buildActionMask = 2147483647;
			files = (
			);
			runOnlyForDeploymentPostprocessing = 0;
		};
		CFDAEEBF215688D900E182F2 /* Frameworks */ = {
			isa = PBXFrameworksBuildPhase;
			buildActionMask = 2147483647;
			files = (
			);
			runOnlyForDeploymentPostprocessing = 0;
		};
/* End PBXFrameworksBuildPhase section */

/* Begin PBXGroup section */
		CF24DBF52158F34000E00BC6 /* Utils */ = {
			isa = PBXGroup;
			children = (
				CF24DBF32158E30C00E00BC6 /* Logger.swift */,
				CFDC457A216125770016BB0F /* Constants.swift */,
			);
			path = Utils;
			sourceTree = "<group>";
		};
		CF4766242168F403008AF8C2 /* View */ = {
			isa = PBXGroup;
			children = (
				CFC17406216A371200A384CD /* MessageCell.swift */,
				CF4766252168F40E008AF8C2 /* ConversationCell */,
			);
			path = View;
			sourceTree = "<group>";
		};
		CF4766252168F40E008AF8C2 /* ConversationCell */ = {
			isa = PBXGroup;
			children = (
				CF4766202168F136008AF8C2 /* ConversationCell.swift */,
				CF4766212168F136008AF8C2 /* ConversationCell.xib */,
			);
			path = ConversationCell;
			sourceTree = "<group>";
		};
		CF476628216902A6008AF8C2 /* Protocolos */ = {
			isa = PBXGroup;
			children = (
				CF4766262168FCF3008AF8C2 /* Protocols.swift */,
				CF6735912170D32C0062A600 /* ThemesViewControllerDelegate.h */,
			);
			path = Protocolos;
			sourceTree = "<group>";
		};
		CF47662B2169034B008AF8C2 /* Controllers */ = {
			isa = PBXGroup;
			children = (
				CF673581216F7CCF0062A600 /* ThemesViewController */,
				CF673578216F68CA0062A600 /* ProfileViewController */,
				CF6735F0217397070062A600 /* ConversationsListViewController */,
				CF476633216A14DB008AF8C2 /* ConversationViewController.swift */,
			);
			path = Controllers;
			sourceTree = "<group>";
		};
		CF47662E21692303008AF8C2 /* Model */ = {
			isa = PBXGroup;
			children = (
				CF6735902170B16C0062A600 /* UIColor+ChatBox */,
				CF67358521709EC20062A600 /* Themes */,
				CF47662C216922F4008AF8C2 /* Person.swift */,
				CFC17408216A38AB00A384CD /* MessageModel.swift */,
				CF6735CC21738F2E0062A600 /* ThemeManager.swift */,
				CFC1740A216A3AD200A384CD /* TemporaryData.swift */,
				CF78831C217CA60300FC739F /* UserProfile.swift */,
				CF78831A217B7A0000FC739F /* GCDDataManager.swift */,
				CF78831E217CD83300FC739F /* OperationDataManager.swift */,
			);
			path = Model;
			sourceTree = "<group>";
		};
		CF673578216F68CA0062A600 /* ProfileViewController */ = {
			isa = PBXGroup;
			children = (
				CF673576216F688E0062A600 /* ProfileViewController.xib */,
				CF5A6A2D215EC44B0084371A /* ProfileViewController.swift */,
			);
			path = ProfileViewController;
			sourceTree = "<group>";
		};
		CF673581216F7CCF0062A600 /* ThemesViewController */ = {
			isa = PBXGroup;
			children = (
				CF67357C216F7CC30062A600 /* ThemesViewController.h */,
				CF67357D216F7CC30062A600 /* ThemesViewController.m */,
				CF67357E216F7CC30062A600 /* ThemesViewController.xib */,
				CF6735ED2173946F0062A600 /* ThemesViewController.swift */,
			);
			path = ThemesViewController;
			sourceTree = "<group>";
		};
		CF67358521709EC20062A600 /* Themes */ = {
			isa = PBXGroup;
			children = (
				CF67358221709EB90062A600 /* Themes.h */,
				CF67358321709EB90062A600 /* Themes.m */,
			);
			path = Themes;
			sourceTree = "<group>";
		};
		CF6735902170B16C0062A600 /* UIColor+ChatBox */ = {
			isa = PBXGroup;
			children = (
				CF67358D2170B15E0062A600 /* UIColor+ChatBox.h */,
				CF67358E2170B15E0062A600 /* UIColor+ChatBox.m */,
			);
			path = "UIColor+ChatBox";
			sourceTree = "<group>";
		};
		CF6735F0217397070062A600 /* ConversationsListViewController */ = {
			isa = PBXGroup;
			children = (
				CF4766292169033E008AF8C2 /* ConversationsListViewController.swift */,
				CF6735F1217397280062A600 /* ConversationsListExtension.swift */,
				CF6735F321739E790062A600 /* ConversationsListExtensionSwift.swift */,
			);
			path = ConversationsListViewController;
			sourceTree = "<group>";
		};
		CFDAEEB9215688D900E182F2 = {
			isa = PBXGroup;
			children = (
				CFDAEEC4215688D900E182F2 /* ChatBox */,
				CFDAEEC3215688D900E182F2 /* Products */,
				CF6735EC217390350062A600 /* ChatBox_Swift.plist */,
			);
			sourceTree = "<group>";
		};
		CFDAEEC3215688D900E182F2 /* Products */ = {
			isa = PBXGroup;
			children = (
				CFDAEEC2215688D900E182F2 /* ChatBox.app */,
				CF6735EB217390350062A600 /* ChatBox_Swift.app */,
			);
			name = Products;
			sourceTree = "<group>";
		};
		CFDAEEC4215688D900E182F2 /* ChatBox */ = {
			isa = PBXGroup;
			children = (
				CFDAEEC5215688D900E182F2 /* AppDelegate.swift */,
				CFDAEEC9215688D900E182F2 /* Conversations.storyboard */,
				CF476628216902A6008AF8C2 /* Protocolos */,
				CF47662B2169034B008AF8C2 /* Controllers */,
				CF47662E21692303008AF8C2 /* Model */,
				CF4766242168F403008AF8C2 /* View */,
				CF67357B216F7CC20062A600 /* ChatBox-Bridging-Header.h */,
				CFDAEECC215688DC00E182F2 /* Assets.xcassets */,
				CFDAEECE215688DC00E182F2 /* LaunchScreen.storyboard */,
				CFDAEED1215688DC00E182F2 /* Info.plist */,
				CF24DBF52158F34000E00BC6 /* Utils */,
			);
			path = ChatBox;
			sourceTree = "<group>";
		};
/* End PBXGroup section */

/* Begin PBXNativeTarget section */
		CF6735CE217390350062A600 /* ChatBox_Swift */ = {
			isa = PBXNativeTarget;
			buildConfigurationList = CF6735E8217390350062A600 /* Build configuration list for PBXNativeTarget "ChatBox_Swift" */;
			buildPhases = (
				CF6735CF217390350062A600 /* Sources */,
				CF6735E0217390350062A600 /* Frameworks */,
				CF6735E1217390350062A600 /* Resources */,
			);
			buildRules = (
			);
			dependencies = (
			);
			name = ChatBox_Swift;
			productName = ChatBox;
			productReference = CF6735EB217390350062A600 /* ChatBox_Swift.app */;
			productType = "com.apple.product-type.application";
		};
		CFDAEEC1215688D900E182F2 /* ChatBox */ = {
			isa = PBXNativeTarget;
			buildConfigurationList = CFDAEED4215688DC00E182F2 /* Build configuration list for PBXNativeTarget "ChatBox" */;
			buildPhases = (
				CFDAEEBE215688D900E182F2 /* Sources */,
				CFDAEEBF215688D900E182F2 /* Frameworks */,
				CFDAEEC0215688D900E182F2 /* Resources */,
			);
			buildRules = (
			);
			dependencies = (
			);
			name = ChatBox;
			productName = ChatBox;
			productReference = CFDAEEC2215688D900E182F2 /* ChatBox.app */;
			productType = "com.apple.product-type.application";
		};
/* End PBXNativeTarget section */

/* Begin PBXProject section */
		CFDAEEBA215688D900E182F2 /* Project object */ = {
			isa = PBXProject;
			attributes = {
				LastSwiftUpdateCheck = 1000;
				LastUpgradeCheck = 1000;
				ORGANIZATIONNAME = "Alexey Teplonogov";
				TargetAttributes = {
					CFDAEEC1215688D900E182F2 = {
						CreatedOnToolsVersion = 10.0;
						LastSwiftMigration = 1000;
					};
				};
			};
			buildConfigurationList = CFDAEEBD215688D900E182F2 /* Build configuration list for PBXProject "ChatBox" */;
			compatibilityVersion = "Xcode 9.3";
			developmentRegion = en;
			hasScannedForEncodings = 0;
			knownRegions = (
				en,
				Base,
			);
			mainGroup = CFDAEEB9215688D900E182F2;
			productRefGroup = CFDAEEC3215688D900E182F2 /* Products */;
			projectDirPath = "";
			projectRoot = "";
			targets = (
				CFDAEEC1215688D900E182F2 /* ChatBox */,
				CF6735CE217390350062A600 /* ChatBox_Swift */,
			);
		};
/* End PBXProject section */

/* Begin PBXResourcesBuildPhase section */
		CF6735E1217390350062A600 /* Resources */ = {
			isa = PBXResourcesBuildPhase;
			buildActionMask = 2147483647;
			files = (
				CF6735E2217390350062A600 /* ConversationCell.xib in Resources */,
				CF6735E3217390350062A600 /* LaunchScreen.storyboard in Resources */,
				CF6735E4217390350062A600 /* Assets.xcassets in Resources */,
				CF6735E5217390350062A600 /* ProfileViewController.xib in Resources */,
				CF6735E6217390350062A600 /* ThemesViewController.xib in Resources */,
				CF6735E7217390350062A600 /* Conversations.storyboard in Resources */,
			);
			runOnlyForDeploymentPostprocessing = 0;
		};
		CFDAEEC0215688D900E182F2 /* Resources */ = {
			isa = PBXResourcesBuildPhase;
			buildActionMask = 2147483647;
			files = (
				CF4766232168F136008AF8C2 /* ConversationCell.xib in Resources */,
				CFDAEED0215688DC00E182F2 /* LaunchScreen.storyboard in Resources */,
				CFDAEECD215688DC00E182F2 /* Assets.xcassets in Resources */,
				CF673577216F688E0062A600 /* ProfileViewController.xib in Resources */,
				CF673580216F7CC30062A600 /* ThemesViewController.xib in Resources */,
				CFDAEECB215688D900E182F2 /* Conversations.storyboard in Resources */,
			);
			runOnlyForDeploymentPostprocessing = 0;
		};
/* End PBXResourcesBuildPhase section */

/* Begin PBXSourcesBuildPhase section */
		CF6735CF217390350062A600 /* Sources */ = {
			isa = PBXSourcesBuildPhase;
			buildActionMask = 2147483647;
			files = (
				CF6735D0217390350062A600 /* Logger.swift in Sources */,
				CF6735D1217390350062A600 /* MessageCell.swift in Sources */,
				CF6735D2217390350062A600 /* UIColor+ChatBox.m in Sources */,
				CF6735D3217390350062A600 /* ProfileViewController.swift in Sources */,
				CF6735D4217390350062A600 /* ConversationViewController.swift in Sources */,
				CF6735D5217390350062A600 /* AppDelegate.swift in Sources */,
				CF6735D6217390350062A600 /* Themes.m in Sources */,
				CF6735D7217390350062A600 /* Protocols.swift in Sources */,
				CF6735D8217390350062A600 /* Constants.swift in Sources */,
				CF6735D9217390350062A600 /* TemporaryData.swift in Sources */,
				CF6735EF217394720062A600 /* ThemesViewController.swift in Sources */,
				CF6735DA217390350062A600 /* ConversationsListViewController.swift in Sources */,
				CF6735DB217390350062A600 /* ThemeManager.swift in Sources */,
				CF6735DC217390350062A600 /* MessageModel.swift in Sources */,
				CF6735DD217390350062A600 /* Person.swift in Sources */,
				CF6735DE217390350062A600 /* ConversationCell.swift in Sources */,
				CF6735F521739E890062A600 /* ConversationsListExtensionSwift.swift in Sources */,
			);
			runOnlyForDeploymentPostprocessing = 0;
		};
		CFDAEEBE215688D900E182F2 /* Sources */ = {
			isa = PBXSourcesBuildPhase;
			buildActionMask = 2147483647;
			files = (
				CF24DBF42158E30C00E00BC6 /* Logger.swift in Sources */,
				CFC17407216A371200A384CD /* MessageCell.swift in Sources */,
				CF67358F2170B15E0062A600 /* UIColor+ChatBox.m in Sources */,
				CF6735F2217397280062A600 /* ConversationsListExtension.swift in Sources */,
				CF5A6A2E215EC44B0084371A /* ProfileViewController.swift in Sources */,
				CF476634216A14DB008AF8C2 /* ConversationViewController.swift in Sources */,
				CF78831B217B7A0000FC739F /* GCDDataManager.swift in Sources */,
				CFDAEEC6215688D900E182F2 /* AppDelegate.swift in Sources */,
				CF67358421709EB90062A600 /* Themes.m in Sources */,
				CF4766272168FCF3008AF8C2 /* Protocols.swift in Sources */,
				CFDC457B216125770016BB0F /* Constants.swift in Sources */,
				CFC1740B216A3AD200A384CD /* TemporaryData.swift in Sources */,
				CF47662A2169033E008AF8C2 /* ConversationsListViewController.swift in Sources */,
				CF6735CD21738F2E0062A600 /* ThemeManager.swift in Sources */,
				CF78831F217CD83300FC739F /* OperationDataManager.swift in Sources */,
				CFC17409216A38AB00A384CD /* MessageModel.swift in Sources */,
				CF47662D216922F4008AF8C2 /* Person.swift in Sources */,
				CF4766222168F136008AF8C2 /* ConversationCell.swift in Sources */,
				CF78831D217CA60300FC739F /* UserProfile.swift in Sources */,
				CF67357F216F7CC30062A600 /* ThemesViewController.m in Sources */,
			);
			runOnlyForDeploymentPostprocessing = 0;
		};
/* End PBXSourcesBuildPhase section */

/* Begin PBXVariantGroup section */
		CFDAEEC9215688D900E182F2 /* Conversations.storyboard */ = {
			isa = PBXVariantGroup;
			children = (
				CFDAEECA215688D900E182F2 /* Base */,
			);
			name = Conversations.storyboard;
			sourceTree = "<group>";
		};
		CFDAEECE215688DC00E182F2 /* LaunchScreen.storyboard */ = {
			isa = PBXVariantGroup;
			children = (
				CFDAEECF215688DC00E182F2 /* Base */,
			);
			name = LaunchScreen.storyboard;
			sourceTree = "<group>";
		};
/* End PBXVariantGroup section */

/* Begin XCBuildConfiguration section */
		CF6735E9217390350062A600 /* Debug */ = {
			isa = XCBuildConfiguration;
			buildSettings = {
				ASSETCATALOG_COMPILER_APPICON_NAME = AppIcon;
				CLANG_ENABLE_MODULES = YES;
				CLANG_ENABLE_OBJC_ARC = NO;
				CODE_SIGN_STYLE = Automatic;
				DEVELOPMENT_TEAM = 8J7J52XQN8;
				INFOPLIST_FILE = ChatBox_Swift.plist;
				IPHONEOS_DEPLOYMENT_TARGET = 11.0;
				LD_RUNPATH_SEARCH_PATHS = (
					"$(inherited)",
					"@executable_path/Frameworks",
				);
				PRODUCT_BUNDLE_IDENTIFIER = "teplonogov.ChatBox-Swift";
				PRODUCT_NAME = "$(TARGET_NAME)";
				SWIFT_OBJC_BRIDGING_HEADER = "ChatBox/ChatBox-Bridging-Header.h";
				SWIFT_OPTIMIZATION_LEVEL = "-Onone";
				SWIFT_VERSION = 4.2;
				TARGETED_DEVICE_FAMILY = "1,2";
			};
			name = Debug;
		};
		CF6735EA217390350062A600 /* Release */ = {
			isa = XCBuildConfiguration;
			buildSettings = {
				ASSETCATALOG_COMPILER_APPICON_NAME = AppIcon;
				CLANG_ENABLE_MODULES = YES;
				CLANG_ENABLE_OBJC_ARC = NO;
				CODE_SIGN_STYLE = Automatic;
				DEVELOPMENT_TEAM = 8J7J52XQN8;
				INFOPLIST_FILE = ChatBox_Swift.plist;
				IPHONEOS_DEPLOYMENT_TARGET = 11.0;
				LD_RUNPATH_SEARCH_PATHS = (
					"$(inherited)",
					"@executable_path/Frameworks",
				);
				PRODUCT_BUNDLE_IDENTIFIER = "teplonogov.ChatBox-Swift";
				PRODUCT_NAME = "$(TARGET_NAME)";
				SWIFT_OBJC_BRIDGING_HEADER = "ChatBox/ChatBox-Bridging-Header.h";
				SWIFT_VERSION = 4.2;
				TARGETED_DEVICE_FAMILY = "1,2";
			};
			name = Release;
		};
		CFDAEED2215688DC00E182F2 /* Debug */ = {
			isa = XCBuildConfiguration;
			buildSettings = {
				ALWAYS_SEARCH_USER_PATHS = NO;
				CLANG_ANALYZER_NONNULL = YES;
				CLANG_ANALYZER_NUMBER_OBJECT_CONVERSION = YES_AGGRESSIVE;
				CLANG_CXX_LANGUAGE_STANDARD = "gnu++14";
				CLANG_CXX_LIBRARY = "libc++";
				CLANG_ENABLE_MODULES = YES;
				CLANG_ENABLE_OBJC_ARC = YES;
				CLANG_ENABLE_OBJC_WEAK = YES;
				CLANG_WARN_BLOCK_CAPTURE_AUTORELEASING = YES;
				CLANG_WARN_BOOL_CONVERSION = YES;
				CLANG_WARN_COMMA = YES;
				CLANG_WARN_CONSTANT_CONVERSION = YES;
				CLANG_WARN_DEPRECATED_OBJC_IMPLEMENTATIONS = YES;
				CLANG_WARN_DIRECT_OBJC_ISA_USAGE = YES_ERROR;
				CLANG_WARN_DOCUMENTATION_COMMENTS = YES;
				CLANG_WARN_EMPTY_BODY = YES;
				CLANG_WARN_ENUM_CONVERSION = YES;
				CLANG_WARN_INFINITE_RECURSION = YES;
				CLANG_WARN_INT_CONVERSION = YES;
				CLANG_WARN_NON_LITERAL_NULL_CONVERSION = YES;
				CLANG_WARN_OBJC_IMPLICIT_RETAIN_SELF = YES;
				CLANG_WARN_OBJC_LITERAL_CONVERSION = YES;
				CLANG_WARN_OBJC_ROOT_CLASS = YES_ERROR;
				CLANG_WARN_RANGE_LOOP_ANALYSIS = YES;
				CLANG_WARN_STRICT_PROTOTYPES = YES;
				CLANG_WARN_SUSPICIOUS_MOVE = YES;
				CLANG_WARN_UNGUARDED_AVAILABILITY = YES_AGGRESSIVE;
				CLANG_WARN_UNREACHABLE_CODE = YES;
				CLANG_WARN__DUPLICATE_METHOD_MATCH = YES;
				CODE_SIGN_IDENTITY = "iPhone Developer";
				COPY_PHASE_STRIP = NO;
				DEBUG_INFORMATION_FORMAT = dwarf;
				ENABLE_STRICT_OBJC_MSGSEND = YES;
				ENABLE_TESTABILITY = YES;
				GCC_C_LANGUAGE_STANDARD = gnu11;
				GCC_DYNAMIC_NO_PIC = NO;
				GCC_NO_COMMON_BLOCKS = YES;
				GCC_OPTIMIZATION_LEVEL = 0;
				GCC_PREPROCESSOR_DEFINITIONS = (
					"DEBUG=1",
					"$(inherited)",
				);
				GCC_WARN_64_TO_32_BIT_CONVERSION = YES;
				GCC_WARN_ABOUT_RETURN_TYPE = YES_ERROR;
				GCC_WARN_UNDECLARED_SELECTOR = YES;
				GCC_WARN_UNINITIALIZED_AUTOS = YES_AGGRESSIVE;
				GCC_WARN_UNUSED_FUNCTION = YES;
				GCC_WARN_UNUSED_VARIABLE = YES;
				IPHONEOS_DEPLOYMENT_TARGET = 12.0;
				MTL_ENABLE_DEBUG_INFO = INCLUDE_SOURCE;
				MTL_FAST_MATH = YES;
				ONLY_ACTIVE_ARCH = YES;
				SDKROOT = iphoneos;
				SWIFT_ACTIVE_COMPILATION_CONDITIONS = DEBUG;
				SWIFT_OPTIMIZATION_LEVEL = "-Onone";
			};
			name = Debug;
		};
		CFDAEED3215688DC00E182F2 /* Release */ = {
			isa = XCBuildConfiguration;
			buildSettings = {
				ALWAYS_SEARCH_USER_PATHS = NO;
				CLANG_ANALYZER_NONNULL = YES;
				CLANG_ANALYZER_NUMBER_OBJECT_CONVERSION = YES_AGGRESSIVE;
				CLANG_CXX_LANGUAGE_STANDARD = "gnu++14";
				CLANG_CXX_LIBRARY = "libc++";
				CLANG_ENABLE_MODULES = YES;
				CLANG_ENABLE_OBJC_ARC = YES;
				CLANG_ENABLE_OBJC_WEAK = YES;
				CLANG_WARN_BLOCK_CAPTURE_AUTORELEASING = YES;
				CLANG_WARN_BOOL_CONVERSION = YES;
				CLANG_WARN_COMMA = YES;
				CLANG_WARN_CONSTANT_CONVERSION = YES;
				CLANG_WARN_DEPRECATED_OBJC_IMPLEMENTATIONS = YES;
				CLANG_WARN_DIRECT_OBJC_ISA_USAGE = YES_ERROR;
				CLANG_WARN_DOCUMENTATION_COMMENTS = YES;
				CLANG_WARN_EMPTY_BODY = YES;
				CLANG_WARN_ENUM_CONVERSION = YES;
				CLANG_WARN_INFINITE_RECURSION = YES;
				CLANG_WARN_INT_CONVERSION = YES;
				CLANG_WARN_NON_LITERAL_NULL_CONVERSION = YES;
				CLANG_WARN_OBJC_IMPLICIT_RETAIN_SELF = YES;
				CLANG_WARN_OBJC_LITERAL_CONVERSION = YES;
				CLANG_WARN_OBJC_ROOT_CLASS = YES_ERROR;
				CLANG_WARN_RANGE_LOOP_ANALYSIS = YES;
				CLANG_WARN_STRICT_PROTOTYPES = YES;
				CLANG_WARN_SUSPICIOUS_MOVE = YES;
				CLANG_WARN_UNGUARDED_AVAILABILITY = YES_AGGRESSIVE;
				CLANG_WARN_UNREACHABLE_CODE = YES;
				CLANG_WARN__DUPLICATE_METHOD_MATCH = YES;
				CODE_SIGN_IDENTITY = "iPhone Developer";
				COPY_PHASE_STRIP = NO;
				DEBUG_INFORMATION_FORMAT = "dwarf-with-dsym";
				ENABLE_NS_ASSERTIONS = NO;
				ENABLE_STRICT_OBJC_MSGSEND = YES;
				GCC_C_LANGUAGE_STANDARD = gnu11;
				GCC_NO_COMMON_BLOCKS = YES;
				GCC_WARN_64_TO_32_BIT_CONVERSION = YES;
				GCC_WARN_ABOUT_RETURN_TYPE = YES_ERROR;
				GCC_WARN_UNDECLARED_SELECTOR = YES;
				GCC_WARN_UNINITIALIZED_AUTOS = YES_AGGRESSIVE;
				GCC_WARN_UNUSED_FUNCTION = YES;
				GCC_WARN_UNUSED_VARIABLE = YES;
				IPHONEOS_DEPLOYMENT_TARGET = 12.0;
				MTL_ENABLE_DEBUG_INFO = NO;
				MTL_FAST_MATH = YES;
				SDKROOT = iphoneos;
				SWIFT_COMPILATION_MODE = wholemodule;
				SWIFT_OPTIMIZATION_LEVEL = "-O";
				VALIDATE_PRODUCT = YES;
			};
			name = Release;
		};
		CFDAEED5215688DC00E182F2 /* Debug */ = {
			isa = XCBuildConfiguration;
			buildSettings = {
				ASSETCATALOG_COMPILER_APPICON_NAME = AppIcon;
				CLANG_ENABLE_MODULES = YES;
				CLANG_ENABLE_OBJC_ARC = NO;
				CODE_SIGN_STYLE = Automatic;
				DEVELOPMENT_TEAM = 8J7J52XQN8;
				INFOPLIST_FILE = ChatBox/Info.plist;
				IPHONEOS_DEPLOYMENT_TARGET = 11.0;
				LD_RUNPATH_SEARCH_PATHS = (
					"$(inherited)",
					"@executable_path/Frameworks",
				);
				PRODUCT_BUNDLE_IDENTIFIER = teplonogov.ChatBox;
				PRODUCT_NAME = "$(TARGET_NAME)";
				SWIFT_OBJC_BRIDGING_HEADER = "ChatBox/ChatBox-Bridging-Header.h";
				SWIFT_OPTIMIZATION_LEVEL = "-Onone";
				SWIFT_VERSION = 4.2;
				TARGETED_DEVICE_FAMILY = "1,2";
			};
			name = Debug;
		};
		CFDAEED6215688DC00E182F2 /* Release */ = {
			isa = XCBuildConfiguration;
			buildSettings = {
				ASSETCATALOG_COMPILER_APPICON_NAME = AppIcon;
				CLANG_ENABLE_MODULES = YES;
				CLANG_ENABLE_OBJC_ARC = NO;
				CODE_SIGN_STYLE = Automatic;
				DEVELOPMENT_TEAM = 8J7J52XQN8;
				INFOPLIST_FILE = ChatBox/Info.plist;
				IPHONEOS_DEPLOYMENT_TARGET = 11.0;
				LD_RUNPATH_SEARCH_PATHS = (
					"$(inherited)",
					"@executable_path/Frameworks",
				);
				PRODUCT_BUNDLE_IDENTIFIER = teplonogov.ChatBox;
				PRODUCT_NAME = "$(TARGET_NAME)";
				SWIFT_OBJC_BRIDGING_HEADER = "ChatBox/ChatBox-Bridging-Header.h";
				SWIFT_VERSION = 4.2;
				TARGETED_DEVICE_FAMILY = "1,2";
			};
			name = Release;
		};
/* End XCBuildConfiguration section */

/* Begin XCConfigurationList section */
		CF6735E8217390350062A600 /* Build configuration list for PBXNativeTarget "ChatBox_Swift" */ = {
			isa = XCConfigurationList;
			buildConfigurations = (
				CF6735E9217390350062A600 /* Debug */,
				CF6735EA217390350062A600 /* Release */,
			);
			defaultConfigurationIsVisible = 0;
			defaultConfigurationName = Release;
		};
		CFDAEEBD215688D900E182F2 /* Build configuration list for PBXProject "ChatBox" */ = {
			isa = XCConfigurationList;
			buildConfigurations = (
				CFDAEED2215688DC00E182F2 /* Debug */,
				CFDAEED3215688DC00E182F2 /* Release */,
			);
			defaultConfigurationIsVisible = 0;
			defaultConfigurationName = Release;
		};
		CFDAEED4215688DC00E182F2 /* Build configuration list for PBXNativeTarget "ChatBox" */ = {
			isa = XCConfigurationList;
			buildConfigurations = (
				CFDAEED5215688DC00E182F2 /* Debug */,
				CFDAEED6215688DC00E182F2 /* Release */,
			);
			defaultConfigurationIsVisible = 0;
			defaultConfigurationName = Release;
		};
/* End XCConfigurationList section */
	};
	rootObject = CFDAEEBA215688D900E182F2 /* Project object */;
}
