// !$*UTF8*$!
{
	archiveVersion = 1;
	classes = {
	};
	objectVersion = 50;
	objects = {

/* Begin PBXBuildFile section */
		75B66AF94F86D2EAD6B70E8C /* Pods_ChatBox_Swift.framework in Frameworks */ = {isa = PBXBuildFile; fileRef = 953E59267A5AD0D5AEB14B81 /* Pods_ChatBox_Swift.framework */; };
		995C9D5FECBC9288AAEB94B0 /* Pods_ChatBox.framework in Frameworks */ = {isa = PBXBuildFile; fileRef = 35F19B9E98ED03B60BB94EAC /* Pods_ChatBox.framework */; };
		CF14459B2190DABD00155F54 /* ProfileStorage.swift in Sources */ = {isa = PBXBuildFile; fileRef = CF14459A2190DABD00155F54 /* ProfileStorage.swift */; };
		CF14459D2190DCE800155F54 /* Profile.swift in Sources */ = {isa = PBXBuildFile; fileRef = CF14459C2190DCE800155F54 /* Profile.swift */; };
		CF24DBF42158E30C00E00BC6 /* Logger.swift in Sources */ = {isa = PBXBuildFile; fileRef = CF24DBF32158E30C00E00BC6 /* Logger.swift */; };
		CF4766222168F136008AF8C2 /* ConversationCell.swift in Sources */ = {isa = PBXBuildFile; fileRef = CF4766202168F136008AF8C2 /* ConversationCell.swift */; };
		CF4766232168F136008AF8C2 /* ConversationCell.xib in Resources */ = {isa = PBXBuildFile; fileRef = CF4766212168F136008AF8C2 /* ConversationCell.xib */; };
		CF47662A2169033E008AF8C2 /* ConversationsListViewController.swift in Sources */ = {isa = PBXBuildFile; fileRef = CF4766292169033E008AF8C2 /* ConversationsListViewController.swift */; };
		CF476634216A14DB008AF8C2 /* ConversationViewController.swift in Sources */ = {isa = PBXBuildFile; fileRef = CF476633216A14DB008AF8C2 /* ConversationViewController.swift */; };
		CF5A6A2E215EC44B0084371A /* ProfileViewController.swift in Sources */ = {isa = PBXBuildFile; fileRef = CF5A6A2D215EC44B0084371A /* ProfileViewController.swift */; };
		CF673577216F688E0062A600 /* ProfileViewController.xib in Resources */ = {isa = PBXBuildFile; fileRef = CF673576216F688E0062A600 /* ProfileViewController.xib */; };
		CF673580216F7CC30062A600 /* ThemesViewController.xib in Resources */ = {isa = PBXBuildFile; fileRef = CF67357E216F7CC30062A600 /* ThemesViewController.xib */; };
		CF67358421709EB90062A600 /* Themes.m in Sources */ = {isa = PBXBuildFile; fileRef = CF67358321709EB90062A600 /* Themes.m */; };
		CF67358F2170B15E0062A600 /* UIColor+ChatBox.m in Sources */ = {isa = PBXBuildFile; fileRef = CF67358E2170B15E0062A600 /* UIColor+ChatBox.m */; };
		CF6735CD21738F2E0062A600 /* ThemeService.swift in Sources */ = {isa = PBXBuildFile; fileRef = CF6735CC21738F2E0062A600 /* ThemeService.swift */; };
		CF6735D0217390350062A600 /* Logger.swift in Sources */ = {isa = PBXBuildFile; fileRef = CF24DBF32158E30C00E00BC6 /* Logger.swift */; };
		CF6735D2217390350062A600 /* UIColor+ChatBox.m in Sources */ = {isa = PBXBuildFile; fileRef = CF67358E2170B15E0062A600 /* UIColor+ChatBox.m */; };
		CF6735D3217390350062A600 /* ProfileViewController.swift in Sources */ = {isa = PBXBuildFile; fileRef = CF5A6A2D215EC44B0084371A /* ProfileViewController.swift */; };
		CF6735D5217390350062A600 /* AppDelegate.swift in Sources */ = {isa = PBXBuildFile; fileRef = CFDAEEC5215688D900E182F2 /* AppDelegate.swift */; };
		CF6735D6217390350062A600 /* Themes.m in Sources */ = {isa = PBXBuildFile; fileRef = CF67358321709EB90062A600 /* Themes.m */; };
		CF6735D8217390350062A600 /* Constants.swift in Sources */ = {isa = PBXBuildFile; fileRef = CFDC457A216125770016BB0F /* Constants.swift */; };
		CF6735DA217390350062A600 /* ConversationsListViewController.swift in Sources */ = {isa = PBXBuildFile; fileRef = CF4766292169033E008AF8C2 /* ConversationsListViewController.swift */; };
		CF6735DB217390350062A600 /* ThemeService.swift in Sources */ = {isa = PBXBuildFile; fileRef = CF6735CC21738F2E0062A600 /* ThemeService.swift */; };
		CF6735DE217390350062A600 /* ConversationCell.swift in Sources */ = {isa = PBXBuildFile; fileRef = CF4766202168F136008AF8C2 /* ConversationCell.swift */; };
		CF6735E2217390350062A600 /* ConversationCell.xib in Resources */ = {isa = PBXBuildFile; fileRef = CF4766212168F136008AF8C2 /* ConversationCell.xib */; };
		CF6735E3217390350062A600 /* LaunchScreen.storyboard in Resources */ = {isa = PBXBuildFile; fileRef = CFDAEECE215688DC00E182F2 /* LaunchScreen.storyboard */; };
		CF6735E4217390350062A600 /* Assets.xcassets in Resources */ = {isa = PBXBuildFile; fileRef = CFDAEECC215688DC00E182F2 /* Assets.xcassets */; };
		CF6735E5217390350062A600 /* ProfileViewController.xib in Resources */ = {isa = PBXBuildFile; fileRef = CF673576216F688E0062A600 /* ProfileViewController.xib */; };
		CF6735E6217390350062A600 /* ThemesViewController.xib in Resources */ = {isa = PBXBuildFile; fileRef = CF67357E216F7CC30062A600 /* ThemesViewController.xib */; };
		CF6735E7217390350062A600 /* ConversationsList.storyboard in Resources */ = {isa = PBXBuildFile; fileRef = CFDAEEC9215688D900E182F2 /* ConversationsList.storyboard */; };
		CF6735EF217394720062A600 /* ThemesViewController.swift in Sources */ = {isa = PBXBuildFile; fileRef = CF6735ED2173946F0062A600 /* ThemesViewController.swift */; };
		CF6735F521739E890062A600 /* ConversationsListExtensionSwift.swift in Sources */ = {isa = PBXBuildFile; fileRef = CF6735F321739E790062A600 /* ConversationsListExtensionSwift.swift */; };
		CFA085BC218A1DFD0038A284 /* CoreDataStack.swift in Sources */ = {isa = PBXBuildFile; fileRef = CFA085BB218A1DFD0038A284 /* CoreDataStack.swift */; };
		CFA085C0218A1E590038A284 /* CoreDataModel.xcdatamodeld in Sources */ = {isa = PBXBuildFile; fileRef = CFA085BE218A1E590038A284 /* CoreDataModel.xcdatamodeld */; };
		CFC17407216A371200A384CD /* MessageCell.swift in Sources */ = {isa = PBXBuildFile; fileRef = CFC17406216A371200A384CD /* MessageCell.swift */; };
		CFCADC2721A8176600AF719F /* ImageLoaderViewController.swift in Sources */ = {isa = PBXBuildFile; fileRef = CFCADC2521A8176600AF719F /* ImageLoaderViewController.swift */; };
		CFCADC2821A8176600AF719F /* ImageLoaderViewController.xib in Resources */ = {isa = PBXBuildFile; fileRef = CFCADC2621A8176600AF719F /* ImageLoaderViewController.xib */; };
		CFCADC2B21A8190A00AF719F /* ImageLoaderCell.swift in Sources */ = {isa = PBXBuildFile; fileRef = CFCADC2921A8190A00AF719F /* ImageLoaderCell.swift */; };
		CFCADC2C21A8190A00AF719F /* ImageLoaderCell.xib in Resources */ = {isa = PBXBuildFile; fileRef = CFCADC2A21A8190A00AF719F /* ImageLoaderCell.xib */; };
		CFCADC3121A82D5700AF719F /* ImageLoaderModel.swift in Sources */ = {isa = PBXBuildFile; fileRef = CFCADC3021A82D5700AF719F /* ImageLoaderModel.swift */; };
		CFCADC3421A84C3400AF719F /* IRequestSender.swift in Sources */ = {isa = PBXBuildFile; fileRef = CFCADC3321A84C3400AF719F /* IRequestSender.swift */; };
		CFCADC3621A84C7800AF719F /* IParser.swift in Sources */ = {isa = PBXBuildFile; fileRef = CFCADC3521A84C7800AF719F /* IParser.swift */; };
		CFCADC3821A84D7B00AF719F /* IRequest.swift in Sources */ = {isa = PBXBuildFile; fileRef = CFCADC3721A84D7B00AF719F /* IRequest.swift */; };
		CFCADC3A21A8518B00AF719F /* RequestSender.swift in Sources */ = {isa = PBXBuildFile; fileRef = CFCADC3921A8518B00AF719F /* RequestSender.swift */; };
		CFCADC3F21A852E800AF719F /* PixabayRequest.swift in Sources */ = {isa = PBXBuildFile; fileRef = CFCADC3E21A852E800AF719F /* PixabayRequest.swift */; };
		CFCADC4121A8593600AF719F /* ParseModels.swift in Sources */ = {isa = PBXBuildFile; fileRef = CFCADC4021A8593600AF719F /* ParseModels.swift */; };
		CFCADC4321A8681500AF719F /* DownloadImageRequest.swift in Sources */ = {isa = PBXBuildFile; fileRef = CFCADC4221A8681500AF719F /* DownloadImageRequest.swift */; };
		CFCADC4521A8698500AF719F /* PixabayParser.swift in Sources */ = {isa = PBXBuildFile; fileRef = CFCADC4421A8698500AF719F /* PixabayParser.swift */; };
		CFCADC4721A86E8500AF719F /* RequestsFactory.swift in Sources */ = {isa = PBXBuildFile; fileRef = CFCADC4621A86E8500AF719F /* RequestsFactory.swift */; };
		CFCADC4921A8744A00AF719F /* PixabayService.swift in Sources */ = {isa = PBXBuildFile; fileRef = CFCADC4821A8744A00AF719F /* PixabayService.swift */; };
		CFD4BF2521986DFD00A875E4 /* FetchRequests.swift in Sources */ = {isa = PBXBuildFile; fileRef = CFD4BF2421986DFD00A875E4 /* FetchRequests.swift */; };
		CFD4BF272198745300A875E4 /* Conversation.swift in Sources */ = {isa = PBXBuildFile; fileRef = CFD4BF262198745300A875E4 /* Conversation.swift */; };
		CFD4BF29219878B700A875E4 /* Message.swift in Sources */ = {isa = PBXBuildFile; fileRef = CFD4BF28219878B700A875E4 /* Message.swift */; };
		CFD4BF2B2198792E00A875E4 /* User.swift in Sources */ = {isa = PBXBuildFile; fileRef = CFD4BF2A2198792E00A875E4 /* User.swift */; };
		CFD4BF2D21987D1300A875E4 /* ConversationsList+FRCDelegate.swift in Sources */ = {isa = PBXBuildFile; fileRef = CFD4BF2C21987D1300A875E4 /* ConversationsList+FRCDelegate.swift */; };
		CFD4BF2F21988F3300A875E4 /* ConversationVC+FRCDelegate.swift in Sources */ = {isa = PBXBuildFile; fileRef = CFD4BF2E21988F3300A875E4 /* ConversationVC+FRCDelegate.swift */; };
		CFD7872A219DB3F000E9634B /* PresentationAssembly.swift in Sources */ = {isa = PBXBuildFile; fileRef = CFD78729219DB3F000E9634B /* PresentationAssembly.swift */; };
		CFD7872E219DB68800E9634B /* ServicesAssembly.swift in Sources */ = {isa = PBXBuildFile; fileRef = CFD7872D219DB68800E9634B /* ServicesAssembly.swift */; };
		CFD78732219DB76B00E9634B /* CoreAssembly.swift in Sources */ = {isa = PBXBuildFile; fileRef = CFD78731219DB76B00E9634B /* CoreAssembly.swift */; };
		CFD78734219DB79600E9634B /* RootAssembly.swift in Sources */ = {isa = PBXBuildFile; fileRef = CFD78733219DB79600E9634B /* RootAssembly.swift */; };
		CFD78739219DC0DA00E9634B /* Conversation.storyboard in Resources */ = {isa = PBXBuildFile; fileRef = CFD78738219DC0DA00E9634B /* Conversation.storyboard */; };
		CFD7873B219DC2F600E9634B /* ConversationsListModel.swift in Sources */ = {isa = PBXBuildFile; fileRef = CFD7873A219DC2F600E9634B /* ConversationsListModel.swift */; };
		CFD7874421A18CA900E9634B /* ProfileService.swift in Sources */ = {isa = PBXBuildFile; fileRef = CFD7874321A18CA900E9634B /* ProfileService.swift */; };
		CFD7874A21A195AC00E9634B /* ProfileModel.swift in Sources */ = {isa = PBXBuildFile; fileRef = CFD7874921A195AC00E9634B /* ProfileModel.swift */; };
		CFD7875C21A2CBA400E9634B /* ThemesViewController.swift in Sources */ = {isa = PBXBuildFile; fileRef = CF6735ED2173946F0062A600 /* ThemesViewController.swift */; };
		CFD7875D21A2CBE300E9634B /* ConversationsListExtensionSwift.swift in Sources */ = {isa = PBXBuildFile; fileRef = CF6735F321739E790062A600 /* ConversationsListExtensionSwift.swift */; };
		CFD7876121A2D04600E9634B /* ThemesModel.swift in Sources */ = {isa = PBXBuildFile; fileRef = CFD7876021A2D04600E9634B /* ThemesModel.swift */; };
		CFD7876321A2D4FF00E9634B /* FRCService.swift in Sources */ = {isa = PBXBuildFile; fileRef = CFD7876221A2D4FF00E9634B /* FRCService.swift */; };
		CFD7876821A2EA2900E9634B /* IComminicationService.swift in Sources */ = {isa = PBXBuildFile; fileRef = CFD7876721A2EA2900E9634B /* IComminicationService.swift */; };
		CFD7876A21A2EAE100E9634B /* CommunicationHandler.swift in Sources */ = {isa = PBXBuildFile; fileRef = CFD7876921A2EAE100E9634B /* CommunicationHandler.swift */; };
		CFD7876C21A2FFBB00E9634B /* ConversationModel.swift in Sources */ = {isa = PBXBuildFile; fileRef = CFD7876B21A2FFBB00E9634B /* ConversationModel.swift */; };
		CFDAEEC6215688D900E182F2 /* AppDelegate.swift in Sources */ = {isa = PBXBuildFile; fileRef = CFDAEEC5215688D900E182F2 /* AppDelegate.swift */; };
		CFDAEECB215688D900E182F2 /* ConversationsList.storyboard in Resources */ = {isa = PBXBuildFile; fileRef = CFDAEEC9215688D900E182F2 /* ConversationsList.storyboard */; };
		CFDAEECD215688DC00E182F2 /* Assets.xcassets in Resources */ = {isa = PBXBuildFile; fileRef = CFDAEECC215688DC00E182F2 /* Assets.xcassets */; };
		CFDAEED0215688DC00E182F2 /* LaunchScreen.storyboard in Resources */ = {isa = PBXBuildFile; fileRef = CFDAEECE215688DC00E182F2 /* LaunchScreen.storyboard */; };
		CFDC457B216125770016BB0F /* Constants.swift in Sources */ = {isa = PBXBuildFile; fileRef = CFDC457A216125770016BB0F /* Constants.swift */; };
		CFFD0947218203E800016184 /* MultipeerCommunicator.swift in Sources */ = {isa = PBXBuildFile; fileRef = CFFD0946218203E800016184 /* MultipeerCommunicator.swift */; };
		CFFD094C21820B2200016184 /* CommunicationService.swift in Sources */ = {isa = PBXBuildFile; fileRef = CFFD094B21820B2200016184 /* CommunicationService.swift */; };
/* End PBXBuildFile section */

/* Begin PBXFileReference section */
		35F19B9E98ED03B60BB94EAC /* Pods_ChatBox.framework */ = {isa = PBXFileReference; explicitFileType = wrapper.framework; includeInIndex = 0; path = Pods_ChatBox.framework; sourceTree = BUILT_PRODUCTS_DIR; };
		59A5A42D24F563A2D41FE577 /* Pods-ChatBox.debug.xcconfig */ = {isa = PBXFileReference; includeInIndex = 1; lastKnownFileType = text.xcconfig; name = "Pods-ChatBox.debug.xcconfig"; path = "Pods/Target Support Files/Pods-ChatBox/Pods-ChatBox.debug.xcconfig"; sourceTree = "<group>"; };
		6B6150E8E807AAE54C66C3F4 /* Pods-ChatBox.release.xcconfig */ = {isa = PBXFileReference; includeInIndex = 1; lastKnownFileType = text.xcconfig; name = "Pods-ChatBox.release.xcconfig"; path = "Pods/Target Support Files/Pods-ChatBox/Pods-ChatBox.release.xcconfig"; sourceTree = "<group>"; };
		953E59267A5AD0D5AEB14B81 /* Pods_ChatBox_Swift.framework */ = {isa = PBXFileReference; explicitFileType = wrapper.framework; includeInIndex = 0; path = Pods_ChatBox_Swift.framework; sourceTree = BUILT_PRODUCTS_DIR; };
		962290BA40306FF994252AE3 /* Pods-ChatBox_Swift.release.xcconfig */ = {isa = PBXFileReference; includeInIndex = 1; lastKnownFileType = text.xcconfig; name = "Pods-ChatBox_Swift.release.xcconfig"; path = "Pods/Target Support Files/Pods-ChatBox_Swift/Pods-ChatBox_Swift.release.xcconfig"; sourceTree = "<group>"; };
		CF14459A2190DABD00155F54 /* ProfileStorage.swift */ = {isa = PBXFileReference; lastKnownFileType = sourcecode.swift; path = ProfileStorage.swift; sourceTree = "<group>"; };
		CF14459C2190DCE800155F54 /* Profile.swift */ = {isa = PBXFileReference; lastKnownFileType = sourcecode.swift; path = Profile.swift; sourceTree = "<group>"; };
		CF24DBF32158E30C00E00BC6 /* Logger.swift */ = {isa = PBXFileReference; lastKnownFileType = sourcecode.swift; path = Logger.swift; sourceTree = "<group>"; };
		CF4766202168F136008AF8C2 /* ConversationCell.swift */ = {isa = PBXFileReference; lastKnownFileType = sourcecode.swift; path = ConversationCell.swift; sourceTree = "<group>"; };
		CF4766212168F136008AF8C2 /* ConversationCell.xib */ = {isa = PBXFileReference; lastKnownFileType = file.xib; path = ConversationCell.xib; sourceTree = "<group>"; };
		CF4766292169033E008AF8C2 /* ConversationsListViewController.swift */ = {isa = PBXFileReference; lastKnownFileType = sourcecode.swift; path = ConversationsListViewController.swift; sourceTree = "<group>"; };
		CF476633216A14DB008AF8C2 /* ConversationViewController.swift */ = {isa = PBXFileReference; lastKnownFileType = sourcecode.swift; path = ConversationViewController.swift; sourceTree = "<group>"; };
		CF5A6A2D215EC44B0084371A /* ProfileViewController.swift */ = {isa = PBXFileReference; lastKnownFileType = sourcecode.swift; path = ProfileViewController.swift; sourceTree = "<group>"; };
		CF673576216F688E0062A600 /* ProfileViewController.xib */ = {isa = PBXFileReference; lastKnownFileType = file.xib; path = ProfileViewController.xib; sourceTree = "<group>"; };
		CF67357B216F7CC20062A600 /* ChatBox-Bridging-Header.h */ = {isa = PBXFileReference; lastKnownFileType = sourcecode.c.h; path = "ChatBox-Bridging-Header.h"; sourceTree = "<group>"; };
		CF67357C216F7CC30062A600 /* ThemesViewController.h */ = {isa = PBXFileReference; lastKnownFileType = sourcecode.c.h; path = ThemesViewController.h; sourceTree = "<group>"; };
		CF67357D216F7CC30062A600 /* ThemesViewController.m */ = {isa = PBXFileReference; lastKnownFileType = sourcecode.c.objc; path = ThemesViewController.m; sourceTree = "<group>"; };
		CF67357E216F7CC30062A600 /* ThemesViewController.xib */ = {isa = PBXFileReference; lastKnownFileType = file.xib; path = ThemesViewController.xib; sourceTree = "<group>"; };
		CF67358221709EB90062A600 /* Themes.h */ = {isa = PBXFileReference; lastKnownFileType = sourcecode.c.h; path = Themes.h; sourceTree = "<group>"; };
		CF67358321709EB90062A600 /* Themes.m */ = {isa = PBXFileReference; lastKnownFileType = sourcecode.c.objc; path = Themes.m; sourceTree = "<group>"; };
		CF67358D2170B15E0062A600 /* UIColor+ChatBox.h */ = {isa = PBXFileReference; lastKnownFileType = sourcecode.c.h; path = "UIColor+ChatBox.h"; sourceTree = "<group>"; };
		CF67358E2170B15E0062A600 /* UIColor+ChatBox.m */ = {isa = PBXFileReference; lastKnownFileType = sourcecode.c.objc; path = "UIColor+ChatBox.m"; sourceTree = "<group>"; };
		CF6735912170D32C0062A600 /* ThemesViewControllerDelegate.h */ = {isa = PBXFileReference; lastKnownFileType = sourcecode.c.h; path = ThemesViewControllerDelegate.h; sourceTree = "<group>"; };
		CF6735CC21738F2E0062A600 /* ThemeService.swift */ = {isa = PBXFileReference; fileEncoding = 4; lastKnownFileType = sourcecode.swift; path = ThemeService.swift; sourceTree = "<group>"; };
		CF6735EB217390350062A600 /* ChatBox_Swift.app */ = {isa = PBXFileReference; explicitFileType = wrapper.application; includeInIndex = 0; path = ChatBox_Swift.app; sourceTree = BUILT_PRODUCTS_DIR; };
		CF6735EC217390350062A600 /* ChatBox_Swift.plist */ = {isa = PBXFileReference; lastKnownFileType = text.plist.xml; name = ChatBox_Swift.plist; path = /Users/teplonogov/Developing/Tinkoff/ChatBox/ChatBox_Swift.plist; sourceTree = "<absolute>"; };
		CF6735ED2173946F0062A600 /* ThemesViewController.swift */ = {isa = PBXFileReference; lastKnownFileType = sourcecode.swift; path = ThemesViewController.swift; sourceTree = "<group>"; };
		CF6735F1217397280062A600 /* ConversationsListExtension.swift */ = {isa = PBXFileReference; lastKnownFileType = sourcecode.swift; path = ConversationsListExtension.swift; sourceTree = "<group>"; };
		CF6735F321739E790062A600 /* ConversationsListExtensionSwift.swift */ = {isa = PBXFileReference; lastKnownFileType = sourcecode.swift; path = ConversationsListExtensionSwift.swift; sourceTree = "<group>"; };
		CF78831A217B7A0000FC739F /* GCDDataManager.swift */ = {isa = PBXFileReference; lastKnownFileType = sourcecode.swift; path = GCDDataManager.swift; sourceTree = "<group>"; };
		CF78831E217CD83300FC739F /* OperationDataManager.swift */ = {isa = PBXFileReference; lastKnownFileType = sourcecode.swift; path = OperationDataManager.swift; sourceTree = "<group>"; };
		CFA085BB218A1DFD0038A284 /* CoreDataStack.swift */ = {isa = PBXFileReference; lastKnownFileType = sourcecode.swift; path = CoreDataStack.swift; sourceTree = "<group>"; };
		CFA085BF218A1E590038A284 /* Model.xcdatamodel */ = {isa = PBXFileReference; lastKnownFileType = wrapper.xcdatamodel; path = Model.xcdatamodel; sourceTree = "<group>"; };
		CFC17406216A371200A384CD /* MessageCell.swift */ = {isa = PBXFileReference; lastKnownFileType = sourcecode.swift; path = MessageCell.swift; sourceTree = "<group>"; };
		CFCADC2521A8176600AF719F /* ImageLoaderViewController.swift */ = {isa = PBXFileReference; lastKnownFileType = sourcecode.swift; path = ImageLoaderViewController.swift; sourceTree = "<group>"; };
		CFCADC2621A8176600AF719F /* ImageLoaderViewController.xib */ = {isa = PBXFileReference; lastKnownFileType = file.xib; path = ImageLoaderViewController.xib; sourceTree = "<group>"; };
		CFCADC2921A8190A00AF719F /* ImageLoaderCell.swift */ = {isa = PBXFileReference; lastKnownFileType = sourcecode.swift; path = ImageLoaderCell.swift; sourceTree = "<group>"; };
		CFCADC2A21A8190A00AF719F /* ImageLoaderCell.xib */ = {isa = PBXFileReference; lastKnownFileType = file.xib; path = ImageLoaderCell.xib; sourceTree = "<group>"; };
		CFCADC3021A82D5700AF719F /* ImageLoaderModel.swift */ = {isa = PBXFileReference; lastKnownFileType = sourcecode.swift; path = ImageLoaderModel.swift; sourceTree = "<group>"; };
		CFCADC3321A84C3400AF719F /* IRequestSender.swift */ = {isa = PBXFileReference; lastKnownFileType = sourcecode.swift; path = IRequestSender.swift; sourceTree = "<group>"; };
		CFCADC3521A84C7800AF719F /* IParser.swift */ = {isa = PBXFileReference; lastKnownFileType = sourcecode.swift; path = IParser.swift; sourceTree = "<group>"; };
		CFCADC3721A84D7B00AF719F /* IRequest.swift */ = {isa = PBXFileReference; lastKnownFileType = sourcecode.swift; path = IRequest.swift; sourceTree = "<group>"; };
		CFCADC3921A8518B00AF719F /* RequestSender.swift */ = {isa = PBXFileReference; lastKnownFileType = sourcecode.swift; path = RequestSender.swift; sourceTree = "<group>"; };
		CFCADC3E21A852E800AF719F /* PixabayRequest.swift */ = {isa = PBXFileReference; lastKnownFileType = sourcecode.swift; path = PixabayRequest.swift; sourceTree = "<group>"; };
		CFCADC4021A8593600AF719F /* ParseModels.swift */ = {isa = PBXFileReference; lastKnownFileType = sourcecode.swift; path = ParseModels.swift; sourceTree = "<group>"; };
		CFCADC4221A8681500AF719F /* DownloadImageRequest.swift */ = {isa = PBXFileReference; lastKnownFileType = sourcecode.swift; path = DownloadImageRequest.swift; sourceTree = "<group>"; };
		CFCADC4421A8698500AF719F /* PixabayParser.swift */ = {isa = PBXFileReference; lastKnownFileType = sourcecode.swift; path = PixabayParser.swift; sourceTree = "<group>"; };
		CFCADC4621A86E8500AF719F /* RequestsFactory.swift */ = {isa = PBXFileReference; lastKnownFileType = sourcecode.swift; path = RequestsFactory.swift; sourceTree = "<group>"; };
		CFCADC4821A8744A00AF719F /* PixabayService.swift */ = {isa = PBXFileReference; lastKnownFileType = sourcecode.swift; path = PixabayService.swift; sourceTree = "<group>"; };
		CFD4BF2421986DFD00A875E4 /* FetchRequests.swift */ = {isa = PBXFileReference; lastKnownFileType = sourcecode.swift; path = FetchRequests.swift; sourceTree = "<group>"; };
		CFD4BF262198745300A875E4 /* Conversation.swift */ = {isa = PBXFileReference; lastKnownFileType = sourcecode.swift; path = Conversation.swift; sourceTree = "<group>"; };
		CFD4BF28219878B700A875E4 /* Message.swift */ = {isa = PBXFileReference; lastKnownFileType = sourcecode.swift; path = Message.swift; sourceTree = "<group>"; };
		CFD4BF2A2198792E00A875E4 /* User.swift */ = {isa = PBXFileReference; lastKnownFileType = sourcecode.swift; path = User.swift; sourceTree = "<group>"; };
		CFD4BF2C21987D1300A875E4 /* ConversationsList+FRCDelegate.swift */ = {isa = PBXFileReference; lastKnownFileType = sourcecode.swift; path = "ConversationsList+FRCDelegate.swift"; sourceTree = "<group>"; };
		CFD4BF2E21988F3300A875E4 /* ConversationVC+FRCDelegate.swift */ = {isa = PBXFileReference; lastKnownFileType = sourcecode.swift; path = "ConversationVC+FRCDelegate.swift"; sourceTree = "<group>"; };
		CFD78729219DB3F000E9634B /* PresentationAssembly.swift */ = {isa = PBXFileReference; lastKnownFileType = sourcecode.swift; path = PresentationAssembly.swift; sourceTree = "<group>"; };
		CFD7872D219DB68800E9634B /* ServicesAssembly.swift */ = {isa = PBXFileReference; lastKnownFileType = sourcecode.swift; path = ServicesAssembly.swift; sourceTree = "<group>"; };
		CFD78731219DB76B00E9634B /* CoreAssembly.swift */ = {isa = PBXFileReference; lastKnownFileType = sourcecode.swift; path = CoreAssembly.swift; sourceTree = "<group>"; };
		CFD78733219DB79600E9634B /* RootAssembly.swift */ = {isa = PBXFileReference; lastKnownFileType = sourcecode.swift; path = RootAssembly.swift; sourceTree = "<group>"; };
		CFD78738219DC0DA00E9634B /* Conversation.storyboard */ = {isa = PBXFileReference; lastKnownFileType = file.storyboard; path = Conversation.storyboard; sourceTree = "<group>"; };
		CFD7873A219DC2F600E9634B /* ConversationsListModel.swift */ = {isa = PBXFileReference; lastKnownFileType = sourcecode.swift; path = ConversationsListModel.swift; sourceTree = "<group>"; };
		CFD7874321A18CA900E9634B /* ProfileService.swift */ = {isa = PBXFileReference; lastKnownFileType = sourcecode.swift; path = ProfileService.swift; sourceTree = "<group>"; };
		CFD7874921A195AC00E9634B /* ProfileModel.swift */ = {isa = PBXFileReference; lastKnownFileType = sourcecode.swift; path = ProfileModel.swift; sourceTree = "<group>"; };
		CFD7876021A2D04600E9634B /* ThemesModel.swift */ = {isa = PBXFileReference; lastKnownFileType = sourcecode.swift; path = ThemesModel.swift; sourceTree = "<group>"; };
		CFD7876221A2D4FF00E9634B /* FRCService.swift */ = {isa = PBXFileReference; lastKnownFileType = sourcecode.swift; path = FRCService.swift; sourceTree = "<group>"; };
		CFD7876721A2EA2900E9634B /* IComminicationService.swift */ = {isa = PBXFileReference; lastKnownFileType = sourcecode.swift; path = IComminicationService.swift; sourceTree = "<group>"; };
		CFD7876921A2EAE100E9634B /* CommunicationHandler.swift */ = {isa = PBXFileReference; lastKnownFileType = sourcecode.swift; path = CommunicationHandler.swift; sourceTree = "<group>"; };
		CFD7876B21A2FFBB00E9634B /* ConversationModel.swift */ = {isa = PBXFileReference; lastKnownFileType = sourcecode.swift; path = ConversationModel.swift; sourceTree = "<group>"; };
		CFDAEEC2215688D900E182F2 /* ChatBox.app */ = {isa = PBXFileReference; explicitFileType = wrapper.application; includeInIndex = 0; path = ChatBox.app; sourceTree = BUILT_PRODUCTS_DIR; };
		CFDAEEC5215688D900E182F2 /* AppDelegate.swift */ = {isa = PBXFileReference; lastKnownFileType = sourcecode.swift; path = AppDelegate.swift; sourceTree = "<group>"; };
		CFDAEECA215688D900E182F2 /* Base */ = {isa = PBXFileReference; lastKnownFileType = file.storyboard; name = Base; path = Base.lproj/ConversationsList.storyboard; sourceTree = "<group>"; };
		CFDAEECC215688DC00E182F2 /* Assets.xcassets */ = {isa = PBXFileReference; lastKnownFileType = folder.assetcatalog; path = Assets.xcassets; sourceTree = "<group>"; };
		CFDAEECF215688DC00E182F2 /* Base */ = {isa = PBXFileReference; lastKnownFileType = file.storyboard; name = Base; path = Base.lproj/LaunchScreen.storyboard; sourceTree = "<group>"; };
		CFDAEED1215688DC00E182F2 /* Info.plist */ = {isa = PBXFileReference; lastKnownFileType = text.plist.xml; path = Info.plist; sourceTree = "<group>"; };
		CFDC457A216125770016BB0F /* Constants.swift */ = {isa = PBXFileReference; lastKnownFileType = sourcecode.swift; path = Constants.swift; sourceTree = "<group>"; };
		CFFD0946218203E800016184 /* MultipeerCommunicator.swift */ = {isa = PBXFileReference; lastKnownFileType = sourcecode.swift; path = MultipeerCommunicator.swift; sourceTree = "<group>"; };
		CFFD094B21820B2200016184 /* CommunicationService.swift */ = {isa = PBXFileReference; lastKnownFileType = sourcecode.swift; path = CommunicationService.swift; sourceTree = "<group>"; };
		F6B0C4EB1F513436C770F085 /* Pods-ChatBox_Swift.debug.xcconfig */ = {isa = PBXFileReference; includeInIndex = 1; lastKnownFileType = text.xcconfig; name = "Pods-ChatBox_Swift.debug.xcconfig"; path = "Pods/Target Support Files/Pods-ChatBox_Swift/Pods-ChatBox_Swift.debug.xcconfig"; sourceTree = "<group>"; };
/* End PBXFileReference section */

/* Begin PBXFrameworksBuildPhase section */
		CF6735E0217390350062A600 /* Frameworks */ = {
			isa = PBXFrameworksBuildPhase;
			buildActionMask = 2147483647;
			files = (
				75B66AF94F86D2EAD6B70E8C /* Pods_ChatBox_Swift.framework in Frameworks */,
			);
			runOnlyForDeploymentPostprocessing = 0;
		};
		CFDAEEBF215688D900E182F2 /* Frameworks */ = {
			isa = PBXFrameworksBuildPhase;
			buildActionMask = 2147483647;
			files = (
				995C9D5FECBC9288AAEB94B0 /* Pods_ChatBox.framework in Frameworks */,
			);
			runOnlyForDeploymentPostprocessing = 0;
		};
/* End PBXFrameworksBuildPhase section */

/* Begin PBXGroup section */
		697C1F3B31F69908C03B563C /* Pods */ = {
			isa = PBXGroup;
			children = (
				59A5A42D24F563A2D41FE577 /* Pods-ChatBox.debug.xcconfig */,
				6B6150E8E807AAE54C66C3F4 /* Pods-ChatBox.release.xcconfig */,
				F6B0C4EB1F513436C770F085 /* Pods-ChatBox_Swift.debug.xcconfig */,
				962290BA40306FF994252AE3 /* Pods-ChatBox_Swift.release.xcconfig */,
			);
			name = Pods;
			sourceTree = "<group>";
		};
		CF24DBF52158F34000E00BC6 /* Utils */ = {
			isa = PBXGroup;
			children = (
				CF24DBF32158E30C00E00BC6 /* Logger.swift */,
				CFDC457A216125770016BB0F /* Constants.swift */,
			);
			path = Utils;
			sourceTree = "<group>";
		};
		CF598A8D21A319B2000F68D9 /* FRCService */ = {
			isa = PBXGroup;
			children = (
				CFD7876221A2D4FF00E9634B /* FRCService.swift */,
			);
			path = FRCService;
			sourceTree = "<group>";
		};
		CF6735902170B16C0062A600 /* UIColor+ChatBox */ = {
			isa = PBXGroup;
			children = (
				CF67358D2170B15E0062A600 /* UIColor+ChatBox.h */,
				CF67358E2170B15E0062A600 /* UIColor+ChatBox.m */,
			);
			path = "UIColor+ChatBox";
			sourceTree = "<group>";
		};
		CFCADC2421A80E5C00AF719F /* ImageLoaderModule */ = {
			isa = PBXGroup;
			children = (
				CFCADC2D21A8288300AF719F /* Controller */,
				CFCADC2E21A8289100AF719F /* View */,
				CFCADC2F21A8289800AF719F /* Model */,
			);
			path = ImageLoaderModule;
			sourceTree = "<group>";
		};
		CFCADC2D21A8288300AF719F /* Controller */ = {
			isa = PBXGroup;
			children = (
				CFCADC2521A8176600AF719F /* ImageLoaderViewController.swift */,
			);
			path = Controller;
			sourceTree = "<group>";
		};
		CFCADC2E21A8289100AF719F /* View */ = {
			isa = PBXGroup;
			children = (
				CFCADC2621A8176600AF719F /* ImageLoaderViewController.xib */,
				CFCADC2921A8190A00AF719F /* ImageLoaderCell.swift */,
				CFCADC2A21A8190A00AF719F /* ImageLoaderCell.xib */,
			);
			path = View;
			sourceTree = "<group>";
		};
		CFCADC2F21A8289800AF719F /* Model */ = {
			isa = PBXGroup;
			children = (
				CFCADC3021A82D5700AF719F /* ImageLoaderModel.swift */,
			);
			path = Model;
			sourceTree = "<group>";
		};
		CFCADC3221A8453F00AF719F /* Network */ = {
			isa = PBXGroup;
			children = (
				CFCADC3B21A851AB00AF719F /* RequestManager */,
				CFCADC3D21A852D600AF719F /* Parsers */,
				CFCADC3C21A852CA00AF719F /* Requests */,
				CFCADC4621A86E8500AF719F /* RequestsFactory.swift */,
			);
			path = Network;
			sourceTree = "<group>";
		};
		CFCADC3B21A851AB00AF719F /* RequestManager */ = {
			isa = PBXGroup;
			children = (
				CFCADC3321A84C3400AF719F /* IRequestSender.swift */,
				CFCADC3921A8518B00AF719F /* RequestSender.swift */,
			);
			path = RequestManager;
			sourceTree = "<group>";
		};
		CFCADC3C21A852CA00AF719F /* Requests */ = {
			isa = PBXGroup;
			children = (
				CFCADC3721A84D7B00AF719F /* IRequest.swift */,
				CFCADC3E21A852E800AF719F /* PixabayRequest.swift */,
				CFCADC4221A8681500AF719F /* DownloadImageRequest.swift */,
			);
			path = Requests;
			sourceTree = "<group>";
		};
		CFCADC3D21A852D600AF719F /* Parsers */ = {
			isa = PBXGroup;
			children = (
				CFCADC3521A84C7800AF719F /* IParser.swift */,
				CFCADC4021A8593600AF719F /* ParseModels.swift */,
				CFCADC4421A8698500AF719F /* PixabayParser.swift */,
			);
			path = Parsers;
			sourceTree = "<group>";
		};
		CFCADC4A21A8745200AF719F /* PixabayService */ = {
			isa = PBXGroup;
			children = (
				CFCADC4821A8744A00AF719F /* PixabayService.swift */,
			);
			path = PixabayService;
			sourceTree = "<group>";
		};
		CFD78722219DAE7200E9634B /* 1. PresentationLayer */ = {
			isa = PBXGroup;
			children = (
				CFD78740219EDCFD00E9634B /* Extensions */,
				CFD78728219DB07900E9634B /* Assembly */,
				CFD78723219DAE9D00E9634B /* Modules */,
				CFD7876921A2EAE100E9634B /* CommunicationHandler.swift */,
			);
			path = "1. PresentationLayer";
			sourceTree = "<group>";
		};
		CFD78723219DAE9D00E9634B /* Modules */ = {
			isa = PBXGroup;
			children = (
				CFCADC2421A80E5C00AF719F /* ImageLoaderModule */,
				CFD7874B21A1C01700E9634B /* ThemesModule */,
				CFD7874521A1955A00E9634B /* ProfileModule */,
				CFD78735219DBF7300E9634B /* ConversationsModule */,
				CFD78724219DAEBC00E9634B /* ConversationsListModule */,
			);
			path = Modules;
			sourceTree = "<group>";
		};
		CFD78724219DAEBC00E9634B /* ConversationsListModule */ = {
			isa = PBXGroup;
			children = (
				CFD78727219DAF9300E9634B /* Controller */,
				CFD78726219DAF8600E9634B /* View */,
				CFD78725219DAF7900E9634B /* Model */,
			);
			path = ConversationsListModule;
			sourceTree = "<group>";
		};
		CFD78725219DAF7900E9634B /* Model */ = {
			isa = PBXGroup;
			children = (
				CFD7873A219DC2F600E9634B /* ConversationsListModel.swift */,
			);
			path = Model;
			sourceTree = "<group>";
		};
		CFD78726219DAF8600E9634B /* View */ = {
			isa = PBXGroup;
			children = (
				CF4766212168F136008AF8C2 /* ConversationCell.xib */,
				CF4766202168F136008AF8C2 /* ConversationCell.swift */,
				CFDAEEC9215688D900E182F2 /* ConversationsList.storyboard */,
			);
			path = View;
			sourceTree = "<group>";
		};
		CFD78727219DAF9300E9634B /* Controller */ = {
			isa = PBXGroup;
			children = (
				CFD7875F21A2D00000E9634B /* for objC (switched off) */,
				CF4766292169033E008AF8C2 /* ConversationsListViewController.swift */,
				CF6735F321739E790062A600 /* ConversationsListExtensionSwift.swift */,
				CFD4BF2C21987D1300A875E4 /* ConversationsList+FRCDelegate.swift */,
			);
			path = Controller;
			sourceTree = "<group>";
		};
		CFD78728219DB07900E9634B /* Assembly */ = {
			isa = PBXGroup;
			children = (
				CFD78729219DB3F000E9634B /* PresentationAssembly.swift */,
			);
			path = Assembly;
			sourceTree = "<group>";
		};
		CFD7872B219DB65A00E9634B /* 2. ServiceLayer */ = {
			isa = PBXGroup;
			children = (
				CF598A8D21A319B2000F68D9 /* FRCService */,
				CFD7875621A2A4E100E9634B /* CommunicationService */,
				CFD7874F21A1C28800E9634B /* ThemesService */,
				CFD7874221A18C8400E9634B /* ProfileService */,
				CFCADC4A21A8745200AF719F /* PixabayService */,
			);
			path = "2. ServiceLayer";
			sourceTree = "<group>";
		};
		CFD7872C219DB67300E9634B /* Assembly */ = {
			isa = PBXGroup;
			children = (
				CFD7872D219DB68800E9634B /* ServicesAssembly.swift */,
			);
			path = Assembly;
			sourceTree = "<group>";
		};
		CFD7872F219DB73000E9634B /* 3. CoreLayer */ = {
			isa = PBXGroup;
			children = (
				CFD7875821A2A55C00E9634B /* Storage (Old) */,
				CFD7875721A2A51100E9634B /* Communication */,
				CFD7873F219EDB8C00E9634B /* Storage */,
				CFCADC3221A8453F00AF719F /* Network */,
				CFD78730219DB75A00E9634B /* Assembly */,
			);
			path = "3. CoreLayer";
			sourceTree = "<group>";
		};
		CFD78730219DB75A00E9634B /* Assembly */ = {
			isa = PBXGroup;
			children = (
				CFD78731219DB76B00E9634B /* CoreAssembly.swift */,
			);
			path = Assembly;
			sourceTree = "<group>";
		};
		CFD78735219DBF7300E9634B /* ConversationsModule */ = {
			isa = PBXGroup;
			children = (
				CFD7875B21A2CB5300E9634B /* Model */,
				CFD7875A21A2CB4800E9634B /* Controller */,
				CFD7875921A2CB2F00E9634B /* View */,
			);
			path = ConversationsModule;
			sourceTree = "<group>";
		};
		CFD7873F219EDB8C00E9634B /* Storage */ = {
			isa = PBXGroup;
			children = (
				CFD78741219EE12200E9634B /* Entities */,
				CFA085BE218A1E590038A284 /* CoreDataModel.xcdatamodeld */,
				CFA085BB218A1DFD0038A284 /* CoreDataStack.swift */,
				CF14459A2190DABD00155F54 /* ProfileStorage.swift */,
				CFD4BF2421986DFD00A875E4 /* FetchRequests.swift */,
			);
			path = Storage;
			sourceTree = "<group>";
		};
		CFD78740219EDCFD00E9634B /* Extensions */ = {
			isa = PBXGroup;
			children = (
				CF6735902170B16C0062A600 /* UIColor+ChatBox */,
			);
			path = Extensions;
			sourceTree = "<group>";
		};
		CFD78741219EE12200E9634B /* Entities */ = {
			isa = PBXGroup;
			children = (
				CFD4BF28219878B700A875E4 /* Message.swift */,
				CFD4BF262198745300A875E4 /* Conversation.swift */,
				CF14459C2190DCE800155F54 /* Profile.swift */,
				CFD4BF2A2198792E00A875E4 /* User.swift */,
			);
			path = Entities;
			sourceTree = "<group>";
		};
		CFD7874221A18C8400E9634B /* ProfileService */ = {
			isa = PBXGroup;
			children = (
				CFD7874321A18CA900E9634B /* ProfileService.swift */,
			);
			path = ProfileService;
			sourceTree = "<group>";
		};
		CFD7874521A1955A00E9634B /* ProfileModule */ = {
			isa = PBXGroup;
			children = (
				CFD7874821A1958D00E9634B /* Controller */,
				CFD7874721A1958800E9634B /* View */,
				CFD7874621A1957E00E9634B /* Model */,
			);
			path = ProfileModule;
			sourceTree = "<group>";
		};
		CFD7874621A1957E00E9634B /* Model */ = {
			isa = PBXGroup;
			children = (
				CFD7874921A195AC00E9634B /* ProfileModel.swift */,
			);
			path = Model;
			sourceTree = "<group>";
		};
		CFD7874721A1958800E9634B /* View */ = {
			isa = PBXGroup;
			children = (
				CF673576216F688E0062A600 /* ProfileViewController.xib */,
			);
			path = View;
			sourceTree = "<group>";
		};
		CFD7874821A1958D00E9634B /* Controller */ = {
			isa = PBXGroup;
			children = (
				CF5A6A2D215EC44B0084371A /* ProfileViewController.swift */,
			);
			path = Controller;
			sourceTree = "<group>";
		};
		CFD7874B21A1C01700E9634B /* ThemesModule */ = {
			isa = PBXGroup;
			children = (
				CFD7874E21A1C03700E9634B /* Controller */,
				CFD7874D21A1C02E00E9634B /* View */,
				CFD7874C21A1C02800E9634B /* Model */,
			);
			path = ThemesModule;
			sourceTree = "<group>";
		};
		CFD7874C21A1C02800E9634B /* Model */ = {
			isa = PBXGroup;
			children = (
				CF67358221709EB90062A600 /* Themes.h */,
				CF67358321709EB90062A600 /* Themes.m */,
				CFD7876021A2D04600E9634B /* ThemesModel.swift */,
			);
			path = Model;
			sourceTree = "<group>";
		};
		CFD7874D21A1C02E00E9634B /* View */ = {
			isa = PBXGroup;
			children = (
				CF67357E216F7CC30062A600 /* ThemesViewController.xib */,
			);
			path = View;
			sourceTree = "<group>";
		};
		CFD7874E21A1C03700E9634B /* Controller */ = {
			isa = PBXGroup;
			children = (
				CFD7875E21A2CF9700E9634B /* objC (switched off) */,
				CF6735ED2173946F0062A600 /* ThemesViewController.swift */,
			);
			path = Controller;
			sourceTree = "<group>";
		};
		CFD7874F21A1C28800E9634B /* ThemesService */ = {
			isa = PBXGroup;
			children = (
				CF6735CC21738F2E0062A600 /* ThemeService.swift */,
			);
			path = ThemesService;
			sourceTree = "<group>";
		};
		CFD7875621A2A4E100E9634B /* CommunicationService */ = {
			isa = PBXGroup;
			children = (
				CFFD094B21820B2200016184 /* CommunicationService.swift */,
				CFD7876721A2EA2900E9634B /* IComminicationService.swift */,
			);
			path = CommunicationService;
			sourceTree = "<group>";
		};
		CFD7875721A2A51100E9634B /* Communication */ = {
			isa = PBXGroup;
			children = (
				CFFD0946218203E800016184 /* MultipeerCommunicator.swift */,
			);
			path = Communication;
			sourceTree = "<group>";
		};
		CFD7875821A2A55C00E9634B /* Storage (Old) */ = {
			isa = PBXGroup;
			children = (
				CF78831A217B7A0000FC739F /* GCDDataManager.swift */,
				CF78831E217CD83300FC739F /* OperationDataManager.swift */,
			);
			path = "Storage (Old)";
			sourceTree = "<group>";
		};
		CFD7875921A2CB2F00E9634B /* View */ = {
			isa = PBXGroup;
			children = (
				CFC17406216A371200A384CD /* MessageCell.swift */,
				CFD78738219DC0DA00E9634B /* Conversation.storyboard */,
			);
			path = View;
			sourceTree = "<group>";
		};
		CFD7875A21A2CB4800E9634B /* Controller */ = {
			isa = PBXGroup;
			children = (
				CF476633216A14DB008AF8C2 /* ConversationViewController.swift */,
				CFD4BF2E21988F3300A875E4 /* ConversationVC+FRCDelegate.swift */,
			);
			path = Controller;
			sourceTree = "<group>";
		};
		CFD7875B21A2CB5300E9634B /* Model */ = {
			isa = PBXGroup;
			children = (
				CFD7876B21A2FFBB00E9634B /* ConversationModel.swift */,
			);
			path = Model;
			sourceTree = "<group>";
		};
		CFD7875E21A2CF9700E9634B /* objC (switched off) */ = {
			isa = PBXGroup;
			children = (
				CF6735912170D32C0062A600 /* ThemesViewControllerDelegate.h */,
				CF67357C216F7CC30062A600 /* ThemesViewController.h */,
				CF67357D216F7CC30062A600 /* ThemesViewController.m */,
			);
			path = "objC (switched off)";
			sourceTree = "<group>";
		};
		CFD7875F21A2D00000E9634B /* for objC (switched off) */ = {
			isa = PBXGroup;
			children = (
				CF6735F1217397280062A600 /* ConversationsListExtension.swift */,
			);
			path = "for objC (switched off)";
			sourceTree = "<group>";
		};
		CFDAEEB9215688D900E182F2 = {
			isa = PBXGroup;
			children = (
				CFDAEEC4215688D900E182F2 /* ChatBox */,
				CFDAEEC3215688D900E182F2 /* Products */,
				CF6735EC217390350062A600 /* ChatBox_Swift.plist */,
				697C1F3B31F69908C03B563C /* Pods */,
				FC7A81640B8669D949497978 /* Frameworks */,
			);
			sourceTree = "<group>";
		};
		CFDAEEC3215688D900E182F2 /* Products */ = {
			isa = PBXGroup;
			children = (
				CFDAEEC2215688D900E182F2 /* ChatBox.app */,
				CF6735EB217390350062A600 /* ChatBox_Swift.app */,
			);
			name = Products;
			sourceTree = "<group>";
		};
		CFDAEEC4215688D900E182F2 /* ChatBox */ = {
			isa = PBXGroup;
			children = (
				CFD78722219DAE7200E9634B /* 1. PresentationLayer */,
				CFD7872B219DB65A00E9634B /* 2. ServiceLayer */,
				CFD7872C219DB67300E9634B /* Assembly */,
				CFD7872F219DB73000E9634B /* 3. CoreLayer */,
				CFDAEEC5215688D900E182F2 /* AppDelegate.swift */,
				CFD78733219DB79600E9634B /* RootAssembly.swift */,
				CF67357B216F7CC20062A600 /* ChatBox-Bridging-Header.h */,
				CFDAEECC215688DC00E182F2 /* Assets.xcassets */,
				CFDAEECE215688DC00E182F2 /* LaunchScreen.storyboard */,
				CFDAEED1215688DC00E182F2 /* Info.plist */,
				CF24DBF52158F34000E00BC6 /* Utils */,
			);
			path = ChatBox;
			sourceTree = "<group>";
		};
		FC7A81640B8669D949497978 /* Frameworks */ = {
			isa = PBXGroup;
			children = (
				35F19B9E98ED03B60BB94EAC /* Pods_ChatBox.framework */,
				953E59267A5AD0D5AEB14B81 /* Pods_ChatBox_Swift.framework */,
			);
			name = Frameworks;
			sourceTree = "<group>";
		};
/* End PBXGroup section */

/* Begin PBXNativeTarget section */
		CF6735CE217390350062A600 /* ChatBox_Swift */ = {
			isa = PBXNativeTarget;
			buildConfigurationList = CF6735E8217390350062A600 /* Build configuration list for PBXNativeTarget "ChatBox_Swift" */;
			buildPhases = (
				702312DA8A487BEE1C2A3D8C /* [CP] Check Pods Manifest.lock */,
				CF6735CF217390350062A600 /* Sources */,
				CF6735E0217390350062A600 /* Frameworks */,
				CF6735E1217390350062A600 /* Resources */,
			);
			buildRules = (
			);
			dependencies = (
			);
			name = ChatBox_Swift;
			productName = ChatBox;
			productReference = CF6735EB217390350062A600 /* ChatBox_Swift.app */;
			productType = "com.apple.product-type.application";
		};
		CFDAEEC1215688D900E182F2 /* ChatBox */ = {
			isa = PBXNativeTarget;
			buildConfigurationList = CFDAEED4215688DC00E182F2 /* Build configuration list for PBXNativeTarget "ChatBox" */;
			buildPhases = (
				CFD4BF3121996DDF00A875E4 /* ShellScript */,
				CFB2A2947CA79A2C10171343 /* [CP] Check Pods Manifest.lock */,
				CFDAEEBE215688D900E182F2 /* Sources */,
				CFDAEEBF215688D900E182F2 /* Frameworks */,
				CFDAEEC0215688D900E182F2 /* Resources */,
			);
			buildRules = (
			);
			dependencies = (
			);
			name = ChatBox;
			productName = ChatBox;
			productReference = CFDAEEC2215688D900E182F2 /* ChatBox.app */;
			productType = "com.apple.product-type.application";
		};
/* End PBXNativeTarget section */

/* Begin PBXProject section */
		CFDAEEBA215688D900E182F2 /* Project object */ = {
			isa = PBXProject;
			attributes = {
				LastSwiftUpdateCheck = 1000;
				LastUpgradeCheck = 1000;
				ORGANIZATIONNAME = "Alexey Teplonogov";
				TargetAttributes = {
					CFDAEEC1215688D900E182F2 = {
						CreatedOnToolsVersion = 10.0;
						LastSwiftMigration = 1000;
					};
				};
			};
			buildConfigurationList = CFDAEEBD215688D900E182F2 /* Build configuration list for PBXProject "ChatBox" */;
			compatibilityVersion = "Xcode 9.3";
			developmentRegion = en;
			hasScannedForEncodings = 0;
			knownRegions = (
				en,
				Base,
			);
			mainGroup = CFDAEEB9215688D900E182F2;
			productRefGroup = CFDAEEC3215688D900E182F2 /* Products */;
			projectDirPath = "";
			projectRoot = "";
			targets = (
				CFDAEEC1215688D900E182F2 /* ChatBox */,
				CF6735CE217390350062A600 /* ChatBox_Swift */,
			);
		};
/* End PBXProject section */

/* Begin PBXResourcesBuildPhase section */
		CF6735E1217390350062A600 /* Resources */ = {
			isa = PBXResourcesBuildPhase;
			buildActionMask = 2147483647;
			files = (
				CF6735E2217390350062A600 /* ConversationCell.xib in Resources */,
				CF6735E3217390350062A600 /* LaunchScreen.storyboard in Resources */,
				CF6735E4217390350062A600 /* Assets.xcassets in Resources */,
				CF6735E5217390350062A600 /* ProfileViewController.xib in Resources */,
				CF6735E6217390350062A600 /* ThemesViewController.xib in Resources */,
				CF6735E7217390350062A600 /* ConversationsList.storyboard in Resources */,
			);
			runOnlyForDeploymentPostprocessing = 0;
		};
		CFDAEEC0215688D900E182F2 /* Resources */ = {
			isa = PBXResourcesBuildPhase;
			buildActionMask = 2147483647;
			files = (
				CF4766232168F136008AF8C2 /* ConversationCell.xib in Resources */,
				CFDAEED0215688DC00E182F2 /* LaunchScreen.storyboard in Resources */,
				CFCADC2C21A8190A00AF719F /* ImageLoaderCell.xib in Resources */,
				CFD78739219DC0DA00E9634B /* Conversation.storyboard in Resources */,
				CFDAEECD215688DC00E182F2 /* Assets.xcassets in Resources */,
				CF673577216F688E0062A600 /* ProfileViewController.xib in Resources */,
				CF673580216F7CC30062A600 /* ThemesViewController.xib in Resources */,
				CFDAEECB215688D900E182F2 /* ConversationsList.storyboard in Resources */,
				CFCADC2821A8176600AF719F /* ImageLoaderViewController.xib in Resources */,
			);
			runOnlyForDeploymentPostprocessing = 0;
		};
/* End PBXResourcesBuildPhase section */

/* Begin PBXShellScriptBuildPhase section */
		702312DA8A487BEE1C2A3D8C /* [CP] Check Pods Manifest.lock */ = {
			isa = PBXShellScriptBuildPhase;
			buildActionMask = 2147483647;
			files = (
			);
			inputPaths = (
				"${PODS_PODFILE_DIR_PATH}/Podfile.lock",
				"${PODS_ROOT}/Manifest.lock",
			);
			name = "[CP] Check Pods Manifest.lock";
			outputPaths = (
				"$(DERIVED_FILE_DIR)/Pods-ChatBox_Swift-checkManifestLockResult.txt",
			);
			runOnlyForDeploymentPostprocessing = 0;
			shellPath = /bin/sh;
			shellScript = "diff \"${PODS_PODFILE_DIR_PATH}/Podfile.lock\" \"${PODS_ROOT}/Manifest.lock\" > /dev/null\nif [ $? != 0 ] ; then\n    # print error to STDERR\n    echo \"error: The sandbox is not in sync with the Podfile.lock. Run 'pod install' or update your CocoaPods installation.\" >&2\n    exit 1\nfi\n# This output is used by Xcode 'outputs' to avoid re-running this script phase.\necho \"SUCCESS\" > \"${SCRIPT_OUTPUT_FILE_0}\"\n";
			showEnvVarsInLog = 0;
		};
		CFB2A2947CA79A2C10171343 /* [CP] Check Pods Manifest.lock */ = {
			isa = PBXShellScriptBuildPhase;
			buildActionMask = 2147483647;
			files = (
			);
			inputPaths = (
				"${PODS_PODFILE_DIR_PATH}/Podfile.lock",
				"${PODS_ROOT}/Manifest.lock",
			);
			name = "[CP] Check Pods Manifest.lock";
			outputPaths = (
				"$(DERIVED_FILE_DIR)/Pods-ChatBox-checkManifestLockResult.txt",
			);
			runOnlyForDeploymentPostprocessing = 0;
			shellPath = /bin/sh;
			shellScript = "diff \"${PODS_PODFILE_DIR_PATH}/Podfile.lock\" \"${PODS_ROOT}/Manifest.lock\" > /dev/null\nif [ $? != 0 ] ; then\n    # print error to STDERR\n    echo \"error: The sandbox is not in sync with the Podfile.lock. Run 'pod install' or update your CocoaPods installation.\" >&2\n    exit 1\nfi\n# This output is used by Xcode 'outputs' to avoid re-running this script phase.\necho \"SUCCESS\" > \"${SCRIPT_OUTPUT_FILE_0}\"\n";
			showEnvVarsInLog = 0;
		};
		CFD4BF3121996DDF00A875E4 /* ShellScript */ = {
			isa = PBXShellScriptBuildPhase;
			buildActionMask = 2147483647;
			files = (
			);
			inputFileListPaths = (
			);
			inputPaths = (
			);
			outputFileListPaths = (
			);
			outputPaths = (
			);
			runOnlyForDeploymentPostprocessing = 0;
			shellPath = /bin/sh;
			shellScript = "#\"${PODS_ROOT}/SwiftLint/swiftlint\"\n";
		};
/* End PBXShellScriptBuildPhase section */

/* Begin PBXSourcesBuildPhase section */
		CF6735CF217390350062A600 /* Sources */ = {
			isa = PBXSourcesBuildPhase;
			buildActionMask = 2147483647;
			files = (
				CF6735D0217390350062A600 /* Logger.swift in Sources */,
				CF6735D2217390350062A600 /* UIColor+ChatBox.m in Sources */,
				CF6735D3217390350062A600 /* ProfileViewController.swift in Sources */,
				CF6735D5217390350062A600 /* AppDelegate.swift in Sources */,
				CF6735D6217390350062A600 /* Themes.m in Sources */,
				CF6735D8217390350062A600 /* Constants.swift in Sources */,
				CF6735EF217394720062A600 /* ThemesViewController.swift in Sources */,
				CF6735DA217390350062A600 /* ConversationsListViewController.swift in Sources */,
				CF6735DB217390350062A600 /* ThemeService.swift in Sources */,
				CF6735DE217390350062A600 /* ConversationCell.swift in Sources */,
				CF6735F521739E890062A600 /* ConversationsListExtensionSwift.swift in Sources */,
			);
			runOnlyForDeploymentPostprocessing = 0;
		};
		CFDAEEBE215688D900E182F2 /* Sources */ = {
			isa = PBXSourcesBuildPhase;
			buildActionMask = 2147483647;
			files = (
				CFD4BF272198745300A875E4 /* Conversation.swift in Sources */,
				CFD7876321A2D4FF00E9634B /* FRCService.swift in Sources */,
				CFD4BF2D21987D1300A875E4 /* ConversationsList+FRCDelegate.swift in Sources */,
				CF24DBF42158E30C00E00BC6 /* Logger.swift in Sources */,
				CFC17407216A371200A384CD /* MessageCell.swift in Sources */,
				CFD7876C21A2FFBB00E9634B /* ConversationModel.swift in Sources */,
				CFD78732219DB76B00E9634B /* CoreAssembly.swift in Sources */,
				CFCADC4121A8593600AF719F /* ParseModels.swift in Sources */,
				CFD4BF2B2198792E00A875E4 /* User.swift in Sources */,
				CFCADC3A21A8518B00AF719F /* RequestSender.swift in Sources */,
				CFFD094C21820B2200016184 /* CommunicationService.swift in Sources */,
				CF67358F2170B15E0062A600 /* UIColor+ChatBox.m in Sources */,
				CFD7874A21A195AC00E9634B /* ProfileModel.swift in Sources */,
				CF5A6A2E215EC44B0084371A /* ProfileViewController.swift in Sources */,
				CFCADC3621A84C7800AF719F /* IParser.swift in Sources */,
				CF476634216A14DB008AF8C2 /* ConversationViewController.swift in Sources */,
				CFDAEEC6215688D900E182F2 /* AppDelegate.swift in Sources */,
				CF67358421709EB90062A600 /* Themes.m in Sources */,
				CFDC457B216125770016BB0F /* Constants.swift in Sources */,
				CFD7876821A2EA2900E9634B /* IComminicationService.swift in Sources */,
				CFD7875D21A2CBE300E9634B /* ConversationsListExtensionSwift.swift in Sources */,
				CF47662A2169033E008AF8C2 /* ConversationsListViewController.swift in Sources */,
				CFD4BF2F21988F3300A875E4 /* ConversationVC+FRCDelegate.swift in Sources */,
				CFCADC3121A82D5700AF719F /* ImageLoaderModel.swift in Sources */,
				CFD7872A219DB3F000E9634B /* PresentationAssembly.swift in Sources */,
				CFCADC4521A8698500AF719F /* PixabayParser.swift in Sources */,
				CFCADC4921A8744A00AF719F /* PixabayService.swift in Sources */,
				CFD7872E219DB68800E9634B /* ServicesAssembly.swift in Sources */,
				CFCADC3F21A852E800AF719F /* PixabayRequest.swift in Sources */,
				CFA085BC218A1DFD0038A284 /* CoreDataStack.swift in Sources */,
				CFD7875C21A2CBA400E9634B /* ThemesViewController.swift in Sources */,
				CF6735CD21738F2E0062A600 /* ThemeService.swift in Sources */,
				CF14459B2190DABD00155F54 /* ProfileStorage.swift in Sources */,
				CFD7876121A2D04600E9634B /* ThemesModel.swift in Sources */,
				CFCADC3421A84C3400AF719F /* IRequestSender.swift in Sources */,
				CFD7873B219DC2F600E9634B /* ConversationsListModel.swift in Sources */,
				CFFD0947218203E800016184 /* MultipeerCommunicator.swift in Sources */,
				CFD4BF2521986DFD00A875E4 /* FetchRequests.swift in Sources */,
				CFD7876A21A2EAE100E9634B /* CommunicationHandler.swift in Sources */,
				CF4766222168F136008AF8C2 /* ConversationCell.swift in Sources */,
				CFCADC4321A8681500AF719F /* DownloadImageRequest.swift in Sources */,
				CFD78734219DB79600E9634B /* RootAssembly.swift in Sources */,
				CFCADC2721A8176600AF719F /* ImageLoaderViewController.swift in Sources */,
				CFA085C0218A1E590038A284 /* CoreDataModel.xcdatamodeld in Sources */,
				CFCADC3821A84D7B00AF719F /* IRequest.swift in Sources */,
				CFD4BF29219878B700A875E4 /* Message.swift in Sources */,
				CF14459D2190DCE800155F54 /* Profile.swift in Sources */,
				CFD7874421A18CA900E9634B /* ProfileService.swift in Sources */,
				CFCADC2B21A8190A00AF719F /* ImageLoaderCell.swift in Sources */,
				CFCADC4721A86E8500AF719F /* RequestsFactory.swift in Sources */,
			);
			runOnlyForDeploymentPostprocessing = 0;
		};
/* End PBXSourcesBuildPhase section */

/* Begin PBXVariantGroup section */
		CFDAEEC9215688D900E182F2 /* ConversationsList.storyboard */ = {
			isa = PBXVariantGroup;
			children = (
				CFDAEECA215688D900E182F2 /* Base */,
			);
			name = ConversationsList.storyboard;
			sourceTree = "<group>";
		};
		CFDAEECE215688DC00E182F2 /* LaunchScreen.storyboard */ = {
			isa = PBXVariantGroup;
			children = (
				CFDAEECF215688DC00E182F2 /* Base */,
			);
			name = LaunchScreen.storyboard;
			sourceTree = "<group>";
		};
/* End PBXVariantGroup section */

/* Begin XCBuildConfiguration section */
		CF6735E9217390350062A600 /* Debug */ = {
			isa = XCBuildConfiguration;
			baseConfigurationReference = F6B0C4EB1F513436C770F085 /* Pods-ChatBox_Swift.debug.xcconfig */;
			buildSettings = {
				ASSETCATALOG_COMPILER_APPICON_NAME = AppIcon;
				CLANG_ENABLE_MODULES = YES;
				CLANG_ENABLE_OBJC_ARC = NO;
				CODE_SIGN_STYLE = Automatic;
				DEVELOPMENT_TEAM = 8J7J52XQN8;
				INFOPLIST_FILE = ChatBox_Swift.plist;
				IPHONEOS_DEPLOYMENT_TARGET = 11.0;
				LD_RUNPATH_SEARCH_PATHS = (
					"$(inherited)",
					"@executable_path/Frameworks",
				);
				PRODUCT_BUNDLE_IDENTIFIER = "teplonogov.ChatBox-Swift";
				PRODUCT_NAME = "$(TARGET_NAME)";
				SWIFT_OBJC_BRIDGING_HEADER = "ChatBox/ChatBox-Bridging-Header.h";
				SWIFT_OPTIMIZATION_LEVEL = "-Onone";
				SWIFT_VERSION = 4.2;
				TARGETED_DEVICE_FAMILY = "1,2";
			};
			name = Debug;
		};
		CF6735EA217390350062A600 /* Release */ = {
			isa = XCBuildConfiguration;
			baseConfigurationReference = 962290BA40306FF994252AE3 /* Pods-ChatBox_Swift.release.xcconfig */;
			buildSettings = {
				ASSETCATALOG_COMPILER_APPICON_NAME = AppIcon;
				CLANG_ENABLE_MODULES = YES;
				CLANG_ENABLE_OBJC_ARC = NO;
				CODE_SIGN_STYLE = Automatic;
				DEVELOPMENT_TEAM = 8J7J52XQN8;
				INFOPLIST_FILE = ChatBox_Swift.plist;
				IPHONEOS_DEPLOYMENT_TARGET = 11.0;
				LD_RUNPATH_SEARCH_PATHS = (
					"$(inherited)",
					"@executable_path/Frameworks",
				);
				PRODUCT_BUNDLE_IDENTIFIER = "teplonogov.ChatBox-Swift";
				PRODUCT_NAME = "$(TARGET_NAME)";
				SWIFT_OBJC_BRIDGING_HEADER = "ChatBox/ChatBox-Bridging-Header.h";
				SWIFT_VERSION = 4.2;
				TARGETED_DEVICE_FAMILY = "1,2";
			};
			name = Release;
		};
		CFDAEED2215688DC00E182F2 /* Debug */ = {
			isa = XCBuildConfiguration;
			buildSettings = {
				ALWAYS_SEARCH_USER_PATHS = NO;
				CLANG_ANALYZER_NONNULL = YES;
				CLANG_ANALYZER_NUMBER_OBJECT_CONVERSION = YES_AGGRESSIVE;
				CLANG_CXX_LANGUAGE_STANDARD = "gnu++14";
				CLANG_CXX_LIBRARY = "libc++";
				CLANG_ENABLE_MODULES = YES;
				CLANG_ENABLE_OBJC_ARC = YES;
				CLANG_ENABLE_OBJC_WEAK = YES;
				CLANG_WARN_BLOCK_CAPTURE_AUTORELEASING = YES;
				CLANG_WARN_BOOL_CONVERSION = YES;
				CLANG_WARN_COMMA = YES;
				CLANG_WARN_CONSTANT_CONVERSION = YES;
				CLANG_WARN_DEPRECATED_OBJC_IMPLEMENTATIONS = YES;
				CLANG_WARN_DIRECT_OBJC_ISA_USAGE = YES_ERROR;
				CLANG_WARN_DOCUMENTATION_COMMENTS = YES;
				CLANG_WARN_EMPTY_BODY = YES;
				CLANG_WARN_ENUM_CONVERSION = YES;
				CLANG_WARN_INFINITE_RECURSION = YES;
				CLANG_WARN_INT_CONVERSION = YES;
				CLANG_WARN_NON_LITERAL_NULL_CONVERSION = YES;
				CLANG_WARN_OBJC_IMPLICIT_RETAIN_SELF = YES;
				CLANG_WARN_OBJC_LITERAL_CONVERSION = YES;
				CLANG_WARN_OBJC_ROOT_CLASS = YES_ERROR;
				CLANG_WARN_RANGE_LOOP_ANALYSIS = YES;
				CLANG_WARN_STRICT_PROTOTYPES = YES;
				CLANG_WARN_SUSPICIOUS_MOVE = YES;
				CLANG_WARN_UNGUARDED_AVAILABILITY = YES_AGGRESSIVE;
				CLANG_WARN_UNREACHABLE_CODE = YES;
				CLANG_WARN__DUPLICATE_METHOD_MATCH = YES;
				CODE_SIGN_IDENTITY = "iPhone Developer";
				COPY_PHASE_STRIP = NO;
				DEBUG_INFORMATION_FORMAT = dwarf;
				ENABLE_STRICT_OBJC_MSGSEND = YES;
				ENABLE_TESTABILITY = YES;
				GCC_C_LANGUAGE_STANDARD = gnu11;
				GCC_DYNAMIC_NO_PIC = NO;
				GCC_NO_COMMON_BLOCKS = YES;
				GCC_OPTIMIZATION_LEVEL = 0;
				GCC_PREPROCESSOR_DEFINITIONS = (
					"DEBUG=1",
					"$(inherited)",
				);
				GCC_WARN_64_TO_32_BIT_CONVERSION = YES;
				GCC_WARN_ABOUT_RETURN_TYPE = YES_ERROR;
				GCC_WARN_UNDECLARED_SELECTOR = YES;
				GCC_WARN_UNINITIALIZED_AUTOS = YES_AGGRESSIVE;
				GCC_WARN_UNUSED_FUNCTION = YES;
				GCC_WARN_UNUSED_VARIABLE = YES;
				IPHONEOS_DEPLOYMENT_TARGET = 12.0;
				MTL_ENABLE_DEBUG_INFO = INCLUDE_SOURCE;
				MTL_FAST_MATH = YES;
				ONLY_ACTIVE_ARCH = YES;
				SDKROOT = iphoneos;
				SWIFT_ACTIVE_COMPILATION_CONDITIONS = DEBUG;
				SWIFT_OPTIMIZATION_LEVEL = "-Onone";
			};
			name = Debug;
		};
		CFDAEED3215688DC00E182F2 /* Release */ = {
			isa = XCBuildConfiguration;
			buildSettings = {
				ALWAYS_SEARCH_USER_PATHS = NO;
				CLANG_ANALYZER_NONNULL = YES;
				CLANG_ANALYZER_NUMBER_OBJECT_CONVERSION = YES_AGGRESSIVE;
				CLANG_CXX_LANGUAGE_STANDARD = "gnu++14";
				CLANG_CXX_LIBRARY = "libc++";
				CLANG_ENABLE_MODULES = YES;
				CLANG_ENABLE_OBJC_ARC = YES;
				CLANG_ENABLE_OBJC_WEAK = YES;
				CLANG_WARN_BLOCK_CAPTURE_AUTORELEASING = YES;
				CLANG_WARN_BOOL_CONVERSION = YES;
				CLANG_WARN_COMMA = YES;
				CLANG_WARN_CONSTANT_CONVERSION = YES;
				CLANG_WARN_DEPRECATED_OBJC_IMPLEMENTATIONS = YES;
				CLANG_WARN_DIRECT_OBJC_ISA_USAGE = YES_ERROR;
				CLANG_WARN_DOCUMENTATION_COMMENTS = YES;
				CLANG_WARN_EMPTY_BODY = YES;
				CLANG_WARN_ENUM_CONVERSION = YES;
				CLANG_WARN_INFINITE_RECURSION = YES;
				CLANG_WARN_INT_CONVERSION = YES;
				CLANG_WARN_NON_LITERAL_NULL_CONVERSION = YES;
				CLANG_WARN_OBJC_IMPLICIT_RETAIN_SELF = YES;
				CLANG_WARN_OBJC_LITERAL_CONVERSION = YES;
				CLANG_WARN_OBJC_ROOT_CLASS = YES_ERROR;
				CLANG_WARN_RANGE_LOOP_ANALYSIS = YES;
				CLANG_WARN_STRICT_PROTOTYPES = YES;
				CLANG_WARN_SUSPICIOUS_MOVE = YES;
				CLANG_WARN_UNGUARDED_AVAILABILITY = YES_AGGRESSIVE;
				CLANG_WARN_UNREACHABLE_CODE = YES;
				CLANG_WARN__DUPLICATE_METHOD_MATCH = YES;
				CODE_SIGN_IDENTITY = "iPhone Developer";
				COPY_PHASE_STRIP = NO;
				DEBUG_INFORMATION_FORMAT = "dwarf-with-dsym";
				ENABLE_NS_ASSERTIONS = NO;
				ENABLE_STRICT_OBJC_MSGSEND = YES;
				GCC_C_LANGUAGE_STANDARD = gnu11;
				GCC_NO_COMMON_BLOCKS = YES;
				GCC_WARN_64_TO_32_BIT_CONVERSION = YES;
				GCC_WARN_ABOUT_RETURN_TYPE = YES_ERROR;
				GCC_WARN_UNDECLARED_SELECTOR = YES;
				GCC_WARN_UNINITIALIZED_AUTOS = YES_AGGRESSIVE;
				GCC_WARN_UNUSED_FUNCTION = YES;
				GCC_WARN_UNUSED_VARIABLE = YES;
				IPHONEOS_DEPLOYMENT_TARGET = 12.0;
				MTL_ENABLE_DEBUG_INFO = NO;
				MTL_FAST_MATH = YES;
				SDKROOT = iphoneos;
				SWIFT_COMPILATION_MODE = wholemodule;
				SWIFT_OPTIMIZATION_LEVEL = "-O";
				VALIDATE_PRODUCT = YES;
			};
			name = Release;
		};
		CFDAEED5215688DC00E182F2 /* Debug */ = {
			isa = XCBuildConfiguration;
			baseConfigurationReference = 59A5A42D24F563A2D41FE577 /* Pods-ChatBox.debug.xcconfig */;
			buildSettings = {
				ASSETCATALOG_COMPILER_APPICON_NAME = AppIcon;
				CLANG_ENABLE_MODULES = YES;
				CLANG_ENABLE_OBJC_ARC = NO;
				CODE_SIGN_STYLE = Automatic;
				DEVELOPMENT_TEAM = 8J7J52XQN8;
				INFOPLIST_FILE = ChatBox/Info.plist;
				IPHONEOS_DEPLOYMENT_TARGET = 11.0;
				LD_RUNPATH_SEARCH_PATHS = (
					"$(inherited)",
					"@executable_path/Frameworks",
				);
				PRODUCT_BUNDLE_IDENTIFIER = teplonogov.ChatBox;
				PRODUCT_NAME = "$(TARGET_NAME)";
				SWIFT_OBJC_BRIDGING_HEADER = "ChatBox/ChatBox-Bridging-Header.h";
				SWIFT_OPTIMIZATION_LEVEL = "-Onone";
				SWIFT_VERSION = 4.2;
				TARGETED_DEVICE_FAMILY = "1,2";
			};
			name = Debug;
		};
		CFDAEED6215688DC00E182F2 /* Release */ = {
			isa = XCBuildConfiguration;
			baseConfigurationReference = 6B6150E8E807AAE54C66C3F4 /* Pods-ChatBox.release.xcconfig */;
			buildSettings = {
				ASSETCATALOG_COMPILER_APPICON_NAME = AppIcon;
				CLANG_ENABLE_MODULES = YES;
				CLANG_ENABLE_OBJC_ARC = NO;
				CODE_SIGN_STYLE = Automatic;
				DEVELOPMENT_TEAM = 8J7J52XQN8;
				INFOPLIST_FILE = ChatBox/Info.plist;
				IPHONEOS_DEPLOYMENT_TARGET = 11.0;
				LD_RUNPATH_SEARCH_PATHS = (
					"$(inherited)",
					"@executable_path/Frameworks",
				);
				PRODUCT_BUNDLE_IDENTIFIER = teplonogov.ChatBox;
				PRODUCT_NAME = "$(TARGET_NAME)";
				SWIFT_OBJC_BRIDGING_HEADER = "ChatBox/ChatBox-Bridging-Header.h";
				SWIFT_VERSION = 4.2;
				TARGETED_DEVICE_FAMILY = "1,2";
			};
			name = Release;
		};
/* End XCBuildConfiguration section */

/* Begin XCConfigurationList section */
		CF6735E8217390350062A600 /* Build configuration list for PBXNativeTarget "ChatBox_Swift" */ = {
			isa = XCConfigurationList;
			buildConfigurations = (
				CF6735E9217390350062A600 /* Debug */,
				CF6735EA217390350062A600 /* Release */,
			);
			defaultConfigurationIsVisible = 0;
			defaultConfigurationName = Release;
		};
		CFDAEEBD215688D900E182F2 /* Build configuration list for PBXProject "ChatBox" */ = {
			isa = XCConfigurationList;
			buildConfigurations = (
				CFDAEED2215688DC00E182F2 /* Debug */,
				CFDAEED3215688DC00E182F2 /* Release */,
			);
			defaultConfigurationIsVisible = 0;
			defaultConfigurationName = Release;
		};
		CFDAEED4215688DC00E182F2 /* Build configuration list for PBXNativeTarget "ChatBox" */ = {
			isa = XCConfigurationList;
			buildConfigurations = (
				CFDAEED5215688DC00E182F2 /* Debug */,
				CFDAEED6215688DC00E182F2 /* Release */,
			);
			defaultConfigurationIsVisible = 0;
			defaultConfigurationName = Release;
		};
/* End XCConfigurationList section */

/* Begin XCVersionGroup section */
		CFA085BE218A1E590038A284 /* CoreDataModel.xcdatamodeld */ = {
			isa = XCVersionGroup;
			children = (
				CFA085BF218A1E590038A284 /* Model.xcdatamodel */,
			);
			currentVersion = CFA085BF218A1E590038A284 /* Model.xcdatamodel */;
			path = CoreDataModel.xcdatamodeld;
			sourceTree = "<group>";
			versionGroupType = wrapper.xcdatamodel;
		};
/* End XCVersionGroup section */
	};
	rootObject = CFDAEEBA215688D900E182F2 /* Project object */;
}
